{
  "originHash" : "31bc056cec49aa96c8025ab83ff4aec3b5166dcafb600e3757a7dcc807aab5eb",
  "pins" : [
    {
      "identity" : "alamofire",
      "kind" : "remoteSourceControl",
      "location" : "https://github.com/Alamofire/Alamofire",
      "state" : {
        "branch" : "master",
        "revision" : "f455c2975872ccd2d9c81594c658af65716e9b9a"
      }
    },
    {
      "identity" : "swifterswift",
      "kind" : "remoteSourceControl",
      "location" : "https://github.com/SwifterSwift/SwifterSwift.git",
      "state" : {
        "revision" : "39fa28c90a3ebe3d53f80289304fd880cf2c42d0",
        "version" : "6.2.0"
      }
    }
  ],
  "version" : 3
}
