// !$*UTF8*$!
{
	archiveVersion = 1;
	classes = {
	};
	objectVersion = 56;
	objects = {

/* Begin PBXBuildFile section */
		CE06C38E2CC5D3510075A9C0 /* CharacterView.swift in Sources */ = {isa = PBXBuildFile; fileRef = CE06C38D2CC5D3510075A9C0 /* CharacterView.swift */; };
		CE06C3902CC5D35B0075A9C0 /* HouseView.swift in Sources */ = {isa = PBXBuildFile; fileRef = CE06C38F2CC5D35B0075A9C0 /* HouseView.swift */; };
		CE06C3922CC5DA370075A9C0 /* CharacterViewModel.swift in Sources */ = {isa = PBXBuildFile; fileRef = CE06C3912CC5DA320075A9C0 /* CharacterViewModel.swift */; };
		CE06C3942CC5DA3D0075A9C0 /* HouseViewModel.swift in Sources */ = {isa = PBXBuildFile; fileRef = CE06C3932CC5DA3A0075A9C0 /* HouseViewModel.swift */; };
		CE06C3962CC5DA4C0075A9C0 /* ShowRoomNetworkModel.swift in Sources */ = {isa = PBXBuildFile; fileRef = CE06C3952CC5DA480075A9C0 /* ShowRoomNetworkModel.swift */; };
		CE06C3982CC5E9CD0075A9C0 /* HomeViewModel.swift in Sources */ = {isa = PBXBuildFile; fileRef = CE06C3972CC5E9C70075A9C0 /* HomeViewModel.swift */; };
		CE13E45E2ABE952D00C64EA1 /* MainView.swift in Sources */ = {isa = PBXBuildFile; fileRef = CE13E45D2ABE952D00C64EA1 /* MainView.swift */; };
		CE13E4602ABE962A00C64EA1 /* MainViewModel.swift in Sources */ = {isa = PBXBuildFile; fileRef = CE13E45F2ABE962A00C64EA1 /* MainViewModel.swift */; };
		CE4318142BEBBF5500880898 /* omyu pretty.ttf in Resources */ = {isa = PBXBuildFile; fileRef = CE4318132BEBBF5500880898 /* omyu pretty.ttf */; };
		CE4318172BEBC2CC00880898 /* Text+Extension.swift in Sources */ = {isa = PBXBuildFile; fileRef = CE4318162BEBC2CC00880898 /* Text+Extension.swift */; };
		CE43181A2BECC82500880898 /* MonthSelectModalView.swift in Sources */ = {isa = PBXBuildFile; fileRef = CE4318192BECC82500880898 /* MonthSelectModalView.swift */; };
		CE43181C2BECD2DC00880898 /* CornerRadius.swift in Sources */ = {isa = PBXBuildFile; fileRef = CE43181B2BECD2DC00880898 /* CornerRadius.swift */; };
		CE6466B52C0F04B200E03B5A /* DiaryEnums.swift in Sources */ = {isa = PBXBuildFile; fileRef = CE6466B42C0F04B200E03B5A /* DiaryEnums.swift */; };
		CE6466B72C12B77500E03B5A /* LazyView.swift in Sources */ = {isa = PBXBuildFile; fileRef = CE6466B62C12B77500E03B5A /* LazyView.swift */; };
		CE6466B92C12B86300E03B5A /* DiaryView.swift in Sources */ = {isa = PBXBuildFile; fileRef = CE6466B82C12B86300E03B5A /* DiaryView.swift */; };
		CE6466BD2C167FBA00E03B5A /* Diary.swift in Sources */ = {isa = PBXBuildFile; fileRef = CE6466BC2C167FBA00E03B5A /* Diary.swift */; };
		CE648B872C05FD7500EBC335 /* EmotionSelectView.swift in Sources */ = {isa = PBXBuildFile; fileRef = CE648B862C05FD7500EBC335 /* EmotionSelectView.swift */; };
		CE77A99E2AC953AE00D9C58B /* UIApplication+Extension.swift in Sources */ = {isa = PBXBuildFile; fileRef = CE77A99D2AC953AE00D9C58B /* UIApplication+Extension.swift */; };
		CE77A9A02AC954AE00D9C58B /* UIViewController+Extension.swift in Sources */ = {isa = PBXBuildFile; fileRef = CE77A99F2AC954AE00D9C58B /* UIViewController+Extension.swift */; };
		CE77A9A42ACA8C9A00D9C58B /* LoginManager.swift in Sources */ = {isa = PBXBuildFile; fileRef = CE77A9A32ACA8C9A00D9C58B /* LoginManager.swift */; };
		CE77A9A62ACA929D00D9C58B /* LoginBootModule.swift in Sources */ = {isa = PBXBuildFile; fileRef = CE77A9A52ACA929D00D9C58B /* LoginBootModule.swift */; };
		CE77A9A92ACA950500D9C58B /* TokenManager.swift in Sources */ = {isa = PBXBuildFile; fileRef = CE77A9A82ACA950500D9C58B /* TokenManager.swift */; };
		CE77A9AE2ACA99E700D9C58B /* LoginView.swift in Sources */ = {isa = PBXBuildFile; fileRef = CE77A9AD2ACA99E700D9C58B /* LoginView.swift */; };
		CE77A9B02ACA99F200D9C58B /* SignUpView.swift in Sources */ = {isa = PBXBuildFile; fileRef = CE77A9AF2ACA99F200D9C58B /* SignUpView.swift */; };
		CE77A9B22ACAD42D00D9C58B /* IntroView.swift in Sources */ = {isa = PBXBuildFile; fileRef = CE77A9B12ACAD42D00D9C58B /* IntroView.swift */; };
		CE77A9B62ACAD50D00D9C58B /* HomeView.swift in Sources */ = {isa = PBXBuildFile; fileRef = CE77A9B52ACAD50D00D9C58B /* HomeView.swift */; };
		CE77A9BD2ACD269B00D9C58B /* NavigationBarView.swift in Sources */ = {isa = PBXBuildFile; fileRef = CE77A9BC2ACD269B00D9C58B /* NavigationBarView.swift */; };
		CE77A9BF2ACD31F700D9C58B /* PageControlView.swift in Sources */ = {isa = PBXBuildFile; fileRef = CE77A9BE2ACD31F700D9C58B /* PageControlView.swift */; };
		CE77A9C12AD29F1800D9C58B /* View+Extension.swift in Sources */ = {isa = PBXBuildFile; fileRef = CE77A9C02AD29F1800D9C58B /* View+Extension.swift */; };
		CE77A9C32AD29F3600D9C58B /* ToastView.swift in Sources */ = {isa = PBXBuildFile; fileRef = CE77A9C22AD29F3600D9C58B /* ToastView.swift */; };
		CE8AD1982C45F1A800B3D9F9 /* Alert.swift in Sources */ = {isa = PBXBuildFile; fileRef = CE8AD1972C45F1A800B3D9F9 /* Alert.swift */; };
		CE8AD19D2C46195D00B3D9F9 /* short-loading.json in Resources */ = {isa = PBXBuildFile; fileRef = CE8AD19A2C46195D00B3D9F9 /* short-loading.json */; };
		CE8AD19E2C46195D00B3D9F9 /* game-loading.json in Resources */ = {isa = PBXBuildFile; fileRef = CE8AD19B2C46195D00B3D9F9 /* game-loading.json */; };
		CE8AD19F2C46195D00B3D9F9 /* splash.json in Resources */ = {isa = PBXBuildFile; fileRef = CE8AD19C2C46195D00B3D9F9 /* splash.json */; };
		CE8AD1A32C5395A700B3D9F9 /* UserNetworkModel.swift in Sources */ = {isa = PBXBuildFile; fileRef = CE8AD1A22C5395A700B3D9F9 /* UserNetworkModel.swift */; };
		CE8AD1A52C54D05000B3D9F9 /* MyPageView.swift in Sources */ = {isa = PBXBuildFile; fileRef = CE8AD1A42C54D05000B3D9F9 /* MyPageView.swift */; };
		CE95A6652C6302D000BF33F7 /* SplashView.swift in Sources */ = {isa = PBXBuildFile; fileRef = CE95A6642C6302D000BF33F7 /* SplashView.swift */; };
		CE979DCF2C797DCA00D0ED53 /* CalendarNetworkModel.swift in Sources */ = {isa = PBXBuildFile; fileRef = CE979DCE2C797DCA00D0ED53 /* CalendarNetworkModel.swift */; };
		CEA422F42BE4FCC600725E6B /* ColorSet.xcassets in Resources */ = {isa = PBXBuildFile; fileRef = CEA422F32BE4FCC600725E6B /* ColorSet.xcassets */; };
		CEA422F62BE4FF4900725E6B /* ColorSet.swift in Sources */ = {isa = PBXBuildFile; fileRef = CEA422F52BE4FF4900725E6B /* ColorSet.swift */; };
		CEA422F82BE5022F00725E6B /* MainTabView.swift in Sources */ = {isa = PBXBuildFile; fileRef = CEA422F72BE5022F00725E6B /* MainTabView.swift */; };
		CEA422FE2BE50B3900725E6B /* CalendarView.swift in Sources */ = {isa = PBXBuildFile; fileRef = CEA422FD2BE50B3900725E6B /* CalendarView.swift */; };
		CEA423002BE50B4B00725E6B /* CalendarCellView.swift in Sources */ = {isa = PBXBuildFile; fileRef = CEA422FF2BE50B4B00725E6B /* CalendarCellView.swift */; };
		CEA423022BE50D4800725E6B /* CalendarViewModel.swift in Sources */ = {isa = PBXBuildFile; fileRef = CEA423012BE50D4800725E6B /* CalendarViewModel.swift */; };
		CEA64F712CE6D1A200FD5627 /* HomeNetworkModel.swift in Sources */ = {isa = PBXBuildFile; fileRef = CEA64F702CE6D19D00FD5627 /* HomeNetworkModel.swift */; };
		CEA9D9F52CCE61AD00AA1DC2 /* Kingfisher in Frameworks */ = {isa = PBXBuildFile; productRef = CEA9D9F42CCE61AD00AA1DC2 /* Kingfisher */; };
		CEA9D9F72CCE698000AA1DC2 /* CharacterItem.swift in Sources */ = {isa = PBXBuildFile; fileRef = CEA9D9F62CCE697900AA1DC2 /* CharacterItem.swift */; };
		CEAAF7FF2CD76F1100EFBDA9 /* ThemeItem.swift in Sources */ = {isa = PBXBuildFile; fileRef = CEAAF7FE2CD76F0D00EFBDA9 /* ThemeItem.swift */; };
		CEAAF8022CD7747800EFBDA9 /* RoomThemeEnums.swift in Sources */ = {isa = PBXBuildFile; fileRef = CEAAF8012CD7746800EFBDA9 /* RoomThemeEnums.swift */; };
		CEAAF8042CD78C6B00EFBDA9 /* ListNetworkModel.swift in Sources */ = {isa = PBXBuildFile; fileRef = CEAAF8032CD78C6600EFBDA9 /* ListNetworkModel.swift */; };
		CEAAF8062CD7909D00EFBDA9 /* RequestRetryHandler.swift in Sources */ = {isa = PBXBuildFile; fileRef = CEAAF8052CD7909C00EFBDA9 /* RequestRetryHandler.swift */; };
		CEAAF8082CD792E000EFBDA9 /* KeyedDecodingContainer+Extension.swift in Sources */ = {isa = PBXBuildFile; fileRef = CEAAF8072CD792DF00EFBDA9 /* KeyedDecodingContainer+Extension.swift */; };
		CEAAF80A2CD792FD00EFBDA9 /* OptionalObject.swift in Sources */ = {isa = PBXBuildFile; fileRef = CEAAF8092CD792FD00EFBDA9 /* OptionalObject.swift */; };
		CEAAF80E2CD865A200EFBDA9 /* HousePreviewView.swift in Sources */ = {isa = PBXBuildFile; fileRef = CEAAF80D2CD865A200EFBDA9 /* HousePreviewView.swift */; };
		CEB7EFF92AAC5025001C99EA /* EODApp.swift in Sources */ = {isa = PBXBuildFile; fileRef = CEB7EFF82AAC5025001C99EA /* EODApp.swift */; };
		CEB7EFFD2AAC5026001C99EA /* Assets.xcassets in Resources */ = {isa = PBXBuildFile; fileRef = CEB7EFFC2AAC5026001C99EA /* Assets.xcassets */; };
		CEB7F0002AAC5026001C99EA /* Preview Assets.xcassets in Resources */ = {isa = PBXBuildFile; fileRef = CEB7EFFF2AAC5026001C99EA /* Preview Assets.xcassets */; };
		CEB7F00A2AAC5026001C99EA /* EODTests.swift in Sources */ = {isa = PBXBuildFile; fileRef = CEB7F0092AAC5026001C99EA /* EODTests.swift */; };
		CEB7F0142AAC5027001C99EA /* EODUITests.swift in Sources */ = {isa = PBXBuildFile; fileRef = CEB7F0132AAC5027001C99EA /* EODUITests.swift */; };
		CEB7F0162AAC5027001C99EA /* EODUITestsLaunchTests.swift in Sources */ = {isa = PBXBuildFile; fileRef = CEB7F0152AAC5027001C99EA /* EODUITestsLaunchTests.swift */; };
		CEB7F0282AAC5122001C99EA /* CommonError.swift in Sources */ = {isa = PBXBuildFile; fileRef = CEB7F0252AAC5122001C99EA /* CommonError.swift */; };
		CEB7F0292AAC5122001C99EA /* URLBuilder.swift in Sources */ = {isa = PBXBuildFile; fileRef = CEB7F0262AAC5122001C99EA /* URLBuilder.swift */; };
		CEB7F02A2AAC5122001C99EA /* APIRequest.swift in Sources */ = {isa = PBXBuildFile; fileRef = CEB7F0272AAC5122001C99EA /* APIRequest.swift */; };
		CEB7F02D2AAC5371001C99EA /* Alamofire in Frameworks */ = {isa = PBXBuildFile; productRef = CEB7F02C2AAC5371001C99EA /* Alamofire */; };
		CEB7F0302AAC5594001C99EA /* Result+Extension.swift in Sources */ = {isa = PBXBuildFile; fileRef = CEB7F02F2AAC5594001C99EA /* Result+Extension.swift */; };
		CEB7F0322AAC5FBB001C99EA /* String+Extension.swift in Sources */ = {isa = PBXBuildFile; fileRef = CEB7F0312AAC5FBB001C99EA /* String+Extension.swift */; };
		CEB7F0372AAC6194001C99EA /* Logger.swift in Sources */ = {isa = PBXBuildFile; fileRef = CEB7F0362AAC6194001C99EA /* Logger.swift */; };
		CEB7F0682AAC61D4001C99EA /* StandardOutputLogRecorder.swift in Sources */ = {isa = PBXBuildFile; fileRef = CEB7F03A2AAC61D4001C99EA /* StandardOutputLogRecorder.swift */; };
		CEB7F0692AAC61D4001C99EA /* FieldBasedLogFormatter.swift in Sources */ = {isa = PBXBuildFile; fileRef = CEB7F03B2AAC61D4001C99EA /* FieldBasedLogFormatter.swift */; };
		CEB7F06A2AAC61D4001C99EA /* LogSeverity.swift in Sources */ = {isa = PBXBuildFile; fileRef = CEB7F03C2AAC61D4001C99EA /* LogSeverity.swift */; };
		CEB7F06B2AAC61D4001C99EA /* PayloadValueLogFormatter.swift in Sources */ = {isa = PBXBuildFile; fileRef = CEB7F03D2AAC61D4001C99EA /* PayloadValueLogFormatter.swift */; };
		CEB7F06C2AAC61D4001C99EA /* StandardStreamsLogRecorder.swift in Sources */ = {isa = PBXBuildFile; fileRef = CEB7F03E2AAC61D4001C99EA /* StandardStreamsLogRecorder.swift */; };
		CEB7F06D2AAC61D4001C99EA /* TimestampLogFormatter.swift in Sources */ = {isa = PBXBuildFile; fileRef = CEB7F03F2AAC61D4001C99EA /* TimestampLogFormatter.swift */; };
		CEB7F06E2AAC61D4001C99EA /* XcodeLogConfiguration.swift in Sources */ = {isa = PBXBuildFile; fileRef = CEB7F0402AAC61D4001C99EA /* XcodeLogConfiguration.swift */; };
		CEB7F06F2AAC61D4001C99EA /* ConsoleLogConfiguration.swift in Sources */ = {isa = PBXBuildFile; fileRef = CEB7F0412AAC61D4001C99EA /* ConsoleLogConfiguration.swift */; };
		CEB7F0702AAC61D4001C99EA /* Log.swift in Sources */ = {isa = PBXBuildFile; fileRef = CEB7F0422AAC61D4001C99EA /* Log.swift */; };
		CEB7F0712AAC61D4001C99EA /* PayloadTraceLogFormatter.swift in Sources */ = {isa = PBXBuildFile; fileRef = CEB7F0432AAC61D4001C99EA /* PayloadTraceLogFormatter.swift */; };
		CEB7F0722AAC61D4001C99EA /* OSLogMimicFormatter.swift in Sources */ = {isa = PBXBuildFile; fileRef = CEB7F0442AAC61D4001C99EA /* OSLogMimicFormatter.swift */; };
		CEB7F0732AAC61D4001C99EA /* LogRecorder.swift in Sources */ = {isa = PBXBuildFile; fileRef = CEB7F0452AAC61D4001C99EA /* LogRecorder.swift */; };
		CEB7F0742AAC61D4001C99EA /* ReadableLogFormatter.swift in Sources */ = {isa = PBXBuildFile; fileRef = CEB7F0462AAC61D4001C99EA /* ReadableLogFormatter.swift */; };
		CEB7F0752AAC61D4001C99EA /* StandardErrorLogRecorder.swift in Sources */ = {isa = PBXBuildFile; fileRef = CEB7F0472AAC61D4001C99EA /* StandardErrorLogRecorder.swift */; };
		CEB7F0762AAC61D5001C99EA /* ParsableLogFormatter.swift in Sources */ = {isa = PBXBuildFile; fileRef = CEB7F0482AAC61D4001C99EA /* ParsableLogFormatter.swift */; };
		CEB7F0772AAC61D5001C99EA /* DelimiterLogFormatter.swift in Sources */ = {isa = PBXBuildFile; fileRef = CEB7F0492AAC61D4001C99EA /* DelimiterLogFormatter.swift */; };
		CEB7F0782AAC61D5001C99EA /* CallSiteLogFormatter.swift in Sources */ = {isa = PBXBuildFile; fileRef = CEB7F04A2AAC61D4001C99EA /* CallSiteLogFormatter.swift */; };
		CEB7F0792AAC61D5001C99EA /* XcodeTraceLogFormatter.swift in Sources */ = {isa = PBXBuildFile; fileRef = CEB7F04B2AAC61D4001C99EA /* XcodeTraceLogFormatter.swift */; };
		CEB7F07A2AAC61D5001C99EA /* FileLogRecorder.swift in Sources */ = {isa = PBXBuildFile; fileRef = CEB7F04C2AAC61D4001C99EA /* FileLogRecorder.swift */; };
		CEB7F07B2AAC61D5001C99EA /* SeverityLogFormatter.swift in Sources */ = {isa = PBXBuildFile; fileRef = CEB7F04D2AAC61D4001C99EA /* SeverityLogFormatter.swift */; };
		CEB7F07C2AAC61D5001C99EA /* OSLogTypeTranslator.swift in Sources */ = {isa = PBXBuildFile; fileRef = CEB7F04E2AAC61D4001C99EA /* OSLogTypeTranslator.swift */; };
		CEB7F07D2AAC61D5001C99EA /* OSLogRecorder.swift in Sources */ = {isa = PBXBuildFile; fileRef = CEB7F04F2AAC61D4001C99EA /* OSLogRecorder.swift */; };
		CEB7F07E2AAC61D5001C99EA /* README.md in Resources */ = {isa = PBXBuildFile; fileRef = CEB7F0502AAC61D4001C99EA /* README.md */; };
		CEB7F07F2AAC61D5001C99EA /* LogFormatter.swift in Sources */ = {isa = PBXBuildFile; fileRef = CEB7F0512AAC61D4001C99EA /* LogFormatter.swift */; };
		CEB7F0802AAC61D5001C99EA /* README-CleanroomLogger.md in Resources */ = {isa = PBXBuildFile; fileRef = CEB7F0522AAC61D4001C99EA /* README-CleanroomLogger.md */; };
		CEB7F0812AAC61D5001C99EA /* ConcatenatingLogFormatter.swift in Sources */ = {isa = PBXBuildFile; fileRef = CEB7F0532AAC61D4001C99EA /* ConcatenatingLogFormatter.swift */; };
		CEB7F0822AAC61D5001C99EA /* LogChannel.swift in Sources */ = {isa = PBXBuildFile; fileRef = CEB7F0542AAC61D4001C99EA /* LogChannel.swift */; };
		CEB7F0832AAC61D5001C99EA /* CallingThreadLogFormatter.swift in Sources */ = {isa = PBXBuildFile; fileRef = CEB7F0552AAC61D4001C99EA /* CallingThreadLogFormatter.swift */; };
		CEB7F0842AAC61D5001C99EA /* StandardLogFormatter.swift in Sources */ = {isa = PBXBuildFile; fileRef = CEB7F0562AAC61D4001C99EA /* StandardLogFormatter.swift */; };
		CEB7F0852AAC61D5001C99EA /* ProcessNameLogFormatter.swift in Sources */ = {isa = PBXBuildFile; fileRef = CEB7F0572AAC61D4001C99EA /* ProcessNameLogFormatter.swift */; };
		CEB7F0862AAC61D5001C99EA /* BasicLogConfiguration.swift in Sources */ = {isa = PBXBuildFile; fileRef = CEB7F0582AAC61D4001C99EA /* BasicLogConfiguration.swift */; };
		CEB7F0872AAC61D5001C99EA /* XcodeLogFormatter.swift in Sources */ = {isa = PBXBuildFile; fileRef = CEB7F0592AAC61D4001C99EA /* XcodeLogFormatter.swift */; };
		CEB7F0882AAC61D5001C99EA /* LogFilter.swift in Sources */ = {isa = PBXBuildFile; fileRef = CEB7F05A2AAC61D4001C99EA /* LogFilter.swift */; };
		CEB7F0892AAC61D5001C99EA /* OutputStreamLogRecorder.swift in Sources */ = {isa = PBXBuildFile; fileRef = CEB7F05B2AAC61D4001C99EA /* OutputStreamLogRecorder.swift */; };
		CEB7F08A2AAC61D5001C99EA /* PayloadLogFormatter.swift in Sources */ = {isa = PBXBuildFile; fileRef = CEB7F05C2AAC61D4001C99EA /* PayloadLogFormatter.swift */; };
		CEB7F08B2AAC61D5001C99EA /* BufferedLogRecorder.swift in Sources */ = {isa = PBXBuildFile; fileRef = CEB7F05D2AAC61D4001C99EA /* BufferedLogRecorder.swift */; };
		CEB7F08C2AAC61D5001C99EA /* ProcessIDLogFormatter.swift in Sources */ = {isa = PBXBuildFile; fileRef = CEB7F05E2AAC61D4001C99EA /* ProcessIDLogFormatter.swift */; };
		CEB7F08D2AAC61D5001C99EA /* LiteralLogFormatter.swift in Sources */ = {isa = PBXBuildFile; fileRef = CEB7F05F2AAC61D4001C99EA /* LiteralLogFormatter.swift */; };
		CEB7F08E2AAC61D5001C99EA /* LogRecorderBase.swift in Sources */ = {isa = PBXBuildFile; fileRef = CEB7F0602AAC61D4001C99EA /* LogRecorderBase.swift */; };
		CEB7F08F2AAC61D5001C99EA /* PayloadMessageLogFormatter.swift in Sources */ = {isa = PBXBuildFile; fileRef = CEB7F0612AAC61D4001C99EA /* PayloadMessageLogFormatter.swift */; };
		CEB7F0902AAC61D5001C99EA /* RotatingLogFileRecorder.swift in Sources */ = {isa = PBXBuildFile; fileRef = CEB7F0622AAC61D4001C99EA /* RotatingLogFileRecorder.swift */; };
		CEB7F0912AAC61D5001C99EA /* RotatingLogFileConfiguration.swift in Sources */ = {isa = PBXBuildFile; fileRef = CEB7F0632AAC61D4001C99EA /* RotatingLogFileConfiguration.swift */; };
		CEB7F0922AAC61D5001C99EA /* LogConfiguration.swift in Sources */ = {isa = PBXBuildFile; fileRef = CEB7F0642AAC61D4001C99EA /* LogConfiguration.swift */; };
		CEB7F0932AAC61D5001C99EA /* LogReceptacle.swift in Sources */ = {isa = PBXBuildFile; fileRef = CEB7F0652AAC61D4001C99EA /* LogReceptacle.swift */; };
		CEB7F0942AAC61D5001C99EA /* LogEntry.swift in Sources */ = {isa = PBXBuildFile; fileRef = CEB7F0662AAC61D4001C99EA /* LogEntry.swift */; };
		CEB7F0952AAC61D5001C99EA /* StackFrameLogFormatter.swift in Sources */ = {isa = PBXBuildFile; fileRef = CEB7F0672AAC61D4001C99EA /* StackFrameLogFormatter.swift */; };
		CEB7F0972AAC61FD001C99EA /* ErrorCode.swift in Sources */ = {isa = PBXBuildFile; fileRef = CEB7F0962AAC61FD001C99EA /* ErrorCode.swift */; };
		CEB7F09B2AAC6289001C99EA /* BootLoader.swift in Sources */ = {isa = PBXBuildFile; fileRef = CEB7F09A2AAC6289001C99EA /* BootLoader.swift */; };
		CEB7F09D2AAC62C1001C99EA /* LoggerBootModule.swift in Sources */ = {isa = PBXBuildFile; fileRef = CEB7F09C2AAC62C1001C99EA /* LoggerBootModule.swift */; };
		CEB7F09F2AAC6336001C99EA /* EODLogRecorder.swift in Sources */ = {isa = PBXBuildFile; fileRef = CEB7F09E2AAC6336001C99EA /* EODLogRecorder.swift */; };
		CEB7F0A22AAC6424001C99EA /* Alamofire+Extension.swift in Sources */ = {isa = PBXBuildFile; fileRef = CEB7F0A12AAC6424001C99EA /* Alamofire+Extension.swift */; };
		CEB7F0A42AAC661D001C99EA /* RegexParser.swift in Sources */ = {isa = PBXBuildFile; fileRef = CEB7F0A32AAC661D001C99EA /* RegexParser.swift */; };
		CEC6D7DE2C7C512400FFEC9F /* SwifterSwift+String.swift in Sources */ = {isa = PBXBuildFile; fileRef = CEC6D7DD2C7C512400FFEC9F /* SwifterSwift+String.swift */; };
		CEC6D7E02C7C513F00FFEC9F /* SwifterSwift+Date.swift in Sources */ = {isa = PBXBuildFile; fileRef = CEC6D7DF2C7C513F00FFEC9F /* SwifterSwift+Date.swift */; };
		CEC6D7E22C7C519D00FFEC9F /* SwifterSwift+Double.swift in Sources */ = {isa = PBXBuildFile; fileRef = CEC6D7E12C7C519D00FFEC9F /* SwifterSwift+Double.swift */; };
		CEC6D7E42C7C51BE00FFEC9F /* SwifterSwift+Etc.swift in Sources */ = {isa = PBXBuildFile; fileRef = CEC6D7E32C7C51BE00FFEC9F /* SwifterSwift+Etc.swift */; };
		CEC6D7E62C7D5A9100FFEC9F /* DiarySummaryModel.swift in Sources */ = {isa = PBXBuildFile; fileRef = CEC6D7E52C7D5A9100FFEC9F /* DiarySummaryModel.swift */; };
		CECCDAC42C40EADF0000DE72 /* LoadingView.swift in Sources */ = {isa = PBXBuildFile; fileRef = CECCDAC32C40EADF0000DE72 /* LoadingView.swift */; };
		CECCDAC72C40EE7F0000DE72 /* Lottie in Frameworks */ = {isa = PBXBuildFile; productRef = CECCDAC62C40EE7F0000DE72 /* Lottie */; };
		CEE906002CAEB2DE00C69077 /* Date+Extension.swift in Sources */ = {isa = PBXBuildFile; fileRef = CEE905FF2CAEB2D900C69077 /* Date+Extension.swift */; };
		CEE906022CAEB35E00C69077 /* Int+Extension.swift in Sources */ = {isa = PBXBuildFile; fileRef = CEE906012CAEB35B00C69077 /* Int+Extension.swift */; };
		CEF7E4092AAC6F5100E133F6 /* Splash.storyboard in Resources */ = {isa = PBXBuildFile; fileRef = CEF7E4082AAC6F5100E133F6 /* Splash.storyboard */; };
/* End PBXBuildFile section */

/* Begin PBXContainerItemProxy section */
		CEB7F0062AAC5026001C99EA /* PBXContainerItemProxy */ = {
			isa = PBXContainerItemProxy;
			containerPortal = CEB7EFED2AAC5025001C99EA /* Project object */;
			proxyType = 1;
			remoteGlobalIDString = CEB7EFF42AAC5025001C99EA;
			remoteInfo = EOD;
		};
		CEB7F0102AAC5027001C99EA /* PBXContainerItemProxy */ = {
			isa = PBXContainerItemProxy;
			containerPortal = CEB7EFED2AAC5025001C99EA /* Project object */;
			proxyType = 1;
			remoteGlobalIDString = CEB7EFF42AAC5025001C99EA;
			remoteInfo = EOD;
		};
/* End PBXContainerItemProxy section */

/* Begin PBXFileReference section */
		CE06C38D2CC5D3510075A9C0 /* CharacterView.swift */ = {isa = PBXFileReference; lastKnownFileType = sourcecode.swift; path = CharacterView.swift; sourceTree = "<group>"; };
		CE06C38F2CC5D35B0075A9C0 /* HouseView.swift */ = {isa = PBXFileReference; lastKnownFileType = sourcecode.swift; path = HouseView.swift; sourceTree = "<group>"; };
		CE06C3912CC5DA320075A9C0 /* CharacterViewModel.swift */ = {isa = PBXFileReference; lastKnownFileType = sourcecode.swift; path = CharacterViewModel.swift; sourceTree = "<group>"; };
		CE06C3932CC5DA3A0075A9C0 /* HouseViewModel.swift */ = {isa = PBXFileReference; lastKnownFileType = sourcecode.swift; path = HouseViewModel.swift; sourceTree = "<group>"; };
		CE06C3952CC5DA480075A9C0 /* ShowRoomNetworkModel.swift */ = {isa = PBXFileReference; lastKnownFileType = sourcecode.swift; path = ShowRoomNetworkModel.swift; sourceTree = "<group>"; };
		CE06C3972CC5E9C70075A9C0 /* HomeViewModel.swift */ = {isa = PBXFileReference; lastKnownFileType = sourcecode.swift; path = HomeViewModel.swift; sourceTree = "<group>"; };
		CE13E45D2ABE952D00C64EA1 /* MainView.swift */ = {isa = PBXFileReference; lastKnownFileType = sourcecode.swift; path = MainView.swift; sourceTree = "<group>"; };
		CE13E45F2ABE962A00C64EA1 /* MainViewModel.swift */ = {isa = PBXFileReference; lastKnownFileType = sourcecode.swift; path = MainViewModel.swift; sourceTree = "<group>"; };
		CE4318132BEBBF5500880898 /* omyu pretty.ttf */ = {isa = PBXFileReference; lastKnownFileType = file; path = "omyu pretty.ttf"; sourceTree = "<group>"; };
		CE4318152BEBBFAD00880898 /* Info.plist */ = {isa = PBXFileReference; lastKnownFileType = text.plist; path = Info.plist; sourceTree = "<group>"; };
		CE4318162BEBC2CC00880898 /* Text+Extension.swift */ = {isa = PBXFileReference; lastKnownFileType = sourcecode.swift; path = "Text+Extension.swift"; sourceTree = "<group>"; };
		CE4318192BECC82500880898 /* MonthSelectModalView.swift */ = {isa = PBXFileReference; lastKnownFileType = sourcecode.swift; path = MonthSelectModalView.swift; sourceTree = "<group>"; };
		CE43181B2BECD2DC00880898 /* CornerRadius.swift */ = {isa = PBXFileReference; lastKnownFileType = sourcecode.swift; path = CornerRadius.swift; sourceTree = "<group>"; };
		CE6466B42C0F04B200E03B5A /* DiaryEnums.swift */ = {isa = PBXFileReference; lastKnownFileType = sourcecode.swift; path = DiaryEnums.swift; sourceTree = "<group>"; };
		CE6466B62C12B77500E03B5A /* LazyView.swift */ = {isa = PBXFileReference; lastKnownFileType = sourcecode.swift; path = LazyView.swift; sourceTree = "<group>"; };
		CE6466B82C12B86300E03B5A /* DiaryView.swift */ = {isa = PBXFileReference; lastKnownFileType = sourcecode.swift; path = DiaryView.swift; sourceTree = "<group>"; };
		CE6466BC2C167FBA00E03B5A /* Diary.swift */ = {isa = PBXFileReference; lastKnownFileType = sourcecode.swift; path = Diary.swift; sourceTree = "<group>"; };
		CE648B862C05FD7500EBC335 /* EmotionSelectView.swift */ = {isa = PBXFileReference; lastKnownFileType = sourcecode.swift; path = EmotionSelectView.swift; sourceTree = "<group>"; };
		CE77A99D2AC953AE00D9C58B /* UIApplication+Extension.swift */ = {isa = PBXFileReference; lastKnownFileType = sourcecode.swift; path = "UIApplication+Extension.swift"; sourceTree = "<group>"; };
		CE77A99F2AC954AE00D9C58B /* UIViewController+Extension.swift */ = {isa = PBXFileReference; lastKnownFileType = sourcecode.swift; path = "UIViewController+Extension.swift"; sourceTree = "<group>"; };
		CE77A9A32ACA8C9A00D9C58B /* LoginManager.swift */ = {isa = PBXFileReference; lastKnownFileType = sourcecode.swift; path = LoginManager.swift; sourceTree = "<group>"; };
		CE77A9A52ACA929D00D9C58B /* LoginBootModule.swift */ = {isa = PBXFileReference; lastKnownFileType = sourcecode.swift; path = LoginBootModule.swift; sourceTree = "<group>"; };
		CE77A9A82ACA950500D9C58B /* TokenManager.swift */ = {isa = PBXFileReference; lastKnownFileType = sourcecode.swift; path = TokenManager.swift; sourceTree = "<group>"; };
		CE77A9AD2ACA99E700D9C58B /* LoginView.swift */ = {isa = PBXFileReference; lastKnownFileType = sourcecode.swift; path = LoginView.swift; sourceTree = "<group>"; };
		CE77A9AF2ACA99F200D9C58B /* SignUpView.swift */ = {isa = PBXFileReference; lastKnownFileType = sourcecode.swift; path = SignUpView.swift; sourceTree = "<group>"; };
		CE77A9B12ACAD42D00D9C58B /* IntroView.swift */ = {isa = PBXFileReference; lastKnownFileType = sourcecode.swift; path = IntroView.swift; sourceTree = "<group>"; };
		CE77A9B52ACAD50D00D9C58B /* HomeView.swift */ = {isa = PBXFileReference; lastKnownFileType = sourcecode.swift; path = HomeView.swift; sourceTree = "<group>"; };
		CE77A9BC2ACD269B00D9C58B /* NavigationBarView.swift */ = {isa = PBXFileReference; lastKnownFileType = sourcecode.swift; path = NavigationBarView.swift; sourceTree = "<group>"; };
		CE77A9BE2ACD31F700D9C58B /* PageControlView.swift */ = {isa = PBXFileReference; lastKnownFileType = sourcecode.swift; path = PageControlView.swift; sourceTree = "<group>"; };
		CE77A9C02AD29F1800D9C58B /* View+Extension.swift */ = {isa = PBXFileReference; lastKnownFileType = sourcecode.swift; path = "View+Extension.swift"; sourceTree = "<group>"; };
		CE77A9C22AD29F3600D9C58B /* ToastView.swift */ = {isa = PBXFileReference; lastKnownFileType = sourcecode.swift; path = ToastView.swift; sourceTree = "<group>"; };
		CE8AD1972C45F1A800B3D9F9 /* Alert.swift */ = {isa = PBXFileReference; lastKnownFileType = sourcecode.swift; path = Alert.swift; sourceTree = "<group>"; };
		CE8AD19A2C46195D00B3D9F9 /* short-loading.json */ = {isa = PBXFileReference; fileEncoding = 4; lastKnownFileType = text.json; path = "short-loading.json"; sourceTree = "<group>"; };
		CE8AD19B2C46195D00B3D9F9 /* game-loading.json */ = {isa = PBXFileReference; fileEncoding = 4; lastKnownFileType = text.json; path = "game-loading.json"; sourceTree = "<group>"; };
		CE8AD19C2C46195D00B3D9F9 /* splash.json */ = {isa = PBXFileReference; fileEncoding = 4; lastKnownFileType = text.json; path = splash.json; sourceTree = "<group>"; };
		CE8AD1A22C5395A700B3D9F9 /* UserNetworkModel.swift */ = {isa = PBXFileReference; lastKnownFileType = sourcecode.swift; path = UserNetworkModel.swift; sourceTree = "<group>"; };
		CE8AD1A42C54D05000B3D9F9 /* MyPageView.swift */ = {isa = PBXFileReference; lastKnownFileType = sourcecode.swift; path = MyPageView.swift; sourceTree = "<group>"; };
		CE95A6642C6302D000BF33F7 /* SplashView.swift */ = {isa = PBXFileReference; lastKnownFileType = sourcecode.swift; path = SplashView.swift; sourceTree = "<group>"; };
		CE979DCE2C797DCA00D0ED53 /* CalendarNetworkModel.swift */ = {isa = PBXFileReference; lastKnownFileType = sourcecode.swift; path = CalendarNetworkModel.swift; sourceTree = "<group>"; };
		CEA422F32BE4FCC600725E6B /* ColorSet.xcassets */ = {isa = PBXFileReference; lastKnownFileType = folder.assetcatalog; path = ColorSet.xcassets; sourceTree = "<group>"; };
		CEA422F52BE4FF4900725E6B /* ColorSet.swift */ = {isa = PBXFileReference; lastKnownFileType = sourcecode.swift; path = ColorSet.swift; sourceTree = "<group>"; };
		CEA422F72BE5022F00725E6B /* MainTabView.swift */ = {isa = PBXFileReference; lastKnownFileType = sourcecode.swift; path = MainTabView.swift; sourceTree = "<group>"; };
		CEA422FD2BE50B3900725E6B /* CalendarView.swift */ = {isa = PBXFileReference; lastKnownFileType = sourcecode.swift; path = CalendarView.swift; sourceTree = "<group>"; };
		CEA422FF2BE50B4B00725E6B /* CalendarCellView.swift */ = {isa = PBXFileReference; lastKnownFileType = sourcecode.swift; path = CalendarCellView.swift; sourceTree = "<group>"; };
		CEA423012BE50D4800725E6B /* CalendarViewModel.swift */ = {isa = PBXFileReference; lastKnownFileType = sourcecode.swift; path = CalendarViewModel.swift; sourceTree = "<group>"; };
		CEA64F702CE6D19D00FD5627 /* HomeNetworkModel.swift */ = {isa = PBXFileReference; lastKnownFileType = sourcecode.swift; path = HomeNetworkModel.swift; sourceTree = "<group>"; };
		CEA9D9F62CCE697900AA1DC2 /* CharacterItem.swift */ = {isa = PBXFileReference; lastKnownFileType = sourcecode.swift; path = CharacterItem.swift; sourceTree = "<group>"; };
		CEAAF7FE2CD76F0D00EFBDA9 /* ThemeItem.swift */ = {isa = PBXFileReference; lastKnownFileType = sourcecode.swift; path = ThemeItem.swift; sourceTree = "<group>"; };
		CEAAF8012CD7746800EFBDA9 /* RoomThemeEnums.swift */ = {isa = PBXFileReference; lastKnownFileType = sourcecode.swift; path = RoomThemeEnums.swift; sourceTree = "<group>"; };
		CEAAF8032CD78C6600EFBDA9 /* ListNetworkModel.swift */ = {isa = PBXFileReference; lastKnownFileType = sourcecode.swift; path = ListNetworkModel.swift; sourceTree = "<group>"; };
		CEAAF8052CD7909C00EFBDA9 /* RequestRetryHandler.swift */ = {isa = PBXFileReference; lastKnownFileType = sourcecode.swift; path = RequestRetryHandler.swift; sourceTree = "<group>"; };
		CEAAF8072CD792DF00EFBDA9 /* KeyedDecodingContainer+Extension.swift */ = {isa = PBXFileReference; lastKnownFileType = sourcecode.swift; path = "KeyedDecodingContainer+Extension.swift"; sourceTree = "<group>"; };
		CEAAF8092CD792FD00EFBDA9 /* OptionalObject.swift */ = {isa = PBXFileReference; lastKnownFileType = sourcecode.swift; path = OptionalObject.swift; sourceTree = "<group>"; };
		CEAAF80D2CD865A200EFBDA9 /* HousePreviewView.swift */ = {isa = PBXFileReference; lastKnownFileType = sourcecode.swift; path = HousePreviewView.swift; sourceTree = "<group>"; };
		CEB7EFF52AAC5025001C99EA /* EOD.app */ = {isa = PBXFileReference; explicitFileType = wrapper.application; includeInIndex = 0; path = EOD.app; sourceTree = BUILT_PRODUCTS_DIR; };
		CEB7EFF82AAC5025001C99EA /* EODApp.swift */ = {isa = PBXFileReference; lastKnownFileType = sourcecode.swift; path = EODApp.swift; sourceTree = "<group>"; };
		CEB7EFFC2AAC5026001C99EA /* Assets.xcassets */ = {isa = PBXFileReference; lastKnownFileType = folder.assetcatalog; path = Assets.xcassets; sourceTree = "<group>"; };
		CEB7EFFF2AAC5026001C99EA /* Preview Assets.xcassets */ = {isa = PBXFileReference; lastKnownFileType = folder.assetcatalog; path = "Preview Assets.xcassets"; sourceTree = "<group>"; };
		CEB7F0052AAC5026001C99EA /* EODTests.xctest */ = {isa = PBXFileReference; explicitFileType = wrapper.cfbundle; includeInIndex = 0; path = EODTests.xctest; sourceTree = BUILT_PRODUCTS_DIR; };
		CEB7F0092AAC5026001C99EA /* EODTests.swift */ = {isa = PBXFileReference; lastKnownFileType = sourcecode.swift; path = EODTests.swift; sourceTree = "<group>"; };
		CEB7F00F2AAC5027001C99EA /* EODUITests.xctest */ = {isa = PBXFileReference; explicitFileType = wrapper.cfbundle; includeInIndex = 0; path = EODUITests.xctest; sourceTree = BUILT_PRODUCTS_DIR; };
		CEB7F0132AAC5027001C99EA /* EODUITests.swift */ = {isa = PBXFileReference; lastKnownFileType = sourcecode.swift; path = EODUITests.swift; sourceTree = "<group>"; };
		CEB7F0152AAC5027001C99EA /* EODUITestsLaunchTests.swift */ = {isa = PBXFileReference; lastKnownFileType = sourcecode.swift; path = EODUITestsLaunchTests.swift; sourceTree = "<group>"; };
		CEB7F0252AAC5122001C99EA /* CommonError.swift */ = {isa = PBXFileReference; fileEncoding = 4; lastKnownFileType = sourcecode.swift; path = CommonError.swift; sourceTree = "<group>"; };
		CEB7F0262AAC5122001C99EA /* URLBuilder.swift */ = {isa = PBXFileReference; fileEncoding = 4; lastKnownFileType = sourcecode.swift; path = URLBuilder.swift; sourceTree = "<group>"; };
		CEB7F0272AAC5122001C99EA /* APIRequest.swift */ = {isa = PBXFileReference; fileEncoding = 4; lastKnownFileType = sourcecode.swift; path = APIRequest.swift; sourceTree = "<group>"; };
		CEB7F02F2AAC5594001C99EA /* Result+Extension.swift */ = {isa = PBXFileReference; lastKnownFileType = sourcecode.swift; path = "Result+Extension.swift"; sourceTree = "<group>"; };
		CEB7F0312AAC5FBB001C99EA /* String+Extension.swift */ = {isa = PBXFileReference; lastKnownFileType = sourcecode.swift; path = "String+Extension.swift"; sourceTree = "<group>"; };
		CEB7F0362AAC6194001C99EA /* Logger.swift */ = {isa = PBXFileReference; lastKnownFileType = sourcecode.swift; path = Logger.swift; sourceTree = "<group>"; };
		CEB7F03A2AAC61D4001C99EA /* StandardOutputLogRecorder.swift */ = {isa = PBXFileReference; fileEncoding = 4; lastKnownFileType = sourcecode.swift; path = StandardOutputLogRecorder.swift; sourceTree = "<group>"; };
		CEB7F03B2AAC61D4001C99EA /* FieldBasedLogFormatter.swift */ = {isa = PBXFileReference; fileEncoding = 4; lastKnownFileType = sourcecode.swift; path = FieldBasedLogFormatter.swift; sourceTree = "<group>"; };
		CEB7F03C2AAC61D4001C99EA /* LogSeverity.swift */ = {isa = PBXFileReference; fileEncoding = 4; lastKnownFileType = sourcecode.swift; path = LogSeverity.swift; sourceTree = "<group>"; };
		CEB7F03D2AAC61D4001C99EA /* PayloadValueLogFormatter.swift */ = {isa = PBXFileReference; fileEncoding = 4; lastKnownFileType = sourcecode.swift; path = PayloadValueLogFormatter.swift; sourceTree = "<group>"; };
		CEB7F03E2AAC61D4001C99EA /* StandardStreamsLogRecorder.swift */ = {isa = PBXFileReference; fileEncoding = 4; lastKnownFileType = sourcecode.swift; path = StandardStreamsLogRecorder.swift; sourceTree = "<group>"; };
		CEB7F03F2AAC61D4001C99EA /* TimestampLogFormatter.swift */ = {isa = PBXFileReference; fileEncoding = 4; lastKnownFileType = sourcecode.swift; path = TimestampLogFormatter.swift; sourceTree = "<group>"; };
		CEB7F0402AAC61D4001C99EA /* XcodeLogConfiguration.swift */ = {isa = PBXFileReference; fileEncoding = 4; lastKnownFileType = sourcecode.swift; path = XcodeLogConfiguration.swift; sourceTree = "<group>"; };
		CEB7F0412AAC61D4001C99EA /* ConsoleLogConfiguration.swift */ = {isa = PBXFileReference; fileEncoding = 4; lastKnownFileType = sourcecode.swift; path = ConsoleLogConfiguration.swift; sourceTree = "<group>"; };
		CEB7F0422AAC61D4001C99EA /* Log.swift */ = {isa = PBXFileReference; fileEncoding = 4; lastKnownFileType = sourcecode.swift; path = Log.swift; sourceTree = "<group>"; };
		CEB7F0432AAC61D4001C99EA /* PayloadTraceLogFormatter.swift */ = {isa = PBXFileReference; fileEncoding = 4; lastKnownFileType = sourcecode.swift; path = PayloadTraceLogFormatter.swift; sourceTree = "<group>"; };
		CEB7F0442AAC61D4001C99EA /* OSLogMimicFormatter.swift */ = {isa = PBXFileReference; fileEncoding = 4; lastKnownFileType = sourcecode.swift; path = OSLogMimicFormatter.swift; sourceTree = "<group>"; };
		CEB7F0452AAC61D4001C99EA /* LogRecorder.swift */ = {isa = PBXFileReference; fileEncoding = 4; lastKnownFileType = sourcecode.swift; path = LogRecorder.swift; sourceTree = "<group>"; };
		CEB7F0462AAC61D4001C99EA /* ReadableLogFormatter.swift */ = {isa = PBXFileReference; fileEncoding = 4; lastKnownFileType = sourcecode.swift; path = ReadableLogFormatter.swift; sourceTree = "<group>"; };
		CEB7F0472AAC61D4001C99EA /* StandardErrorLogRecorder.swift */ = {isa = PBXFileReference; fileEncoding = 4; lastKnownFileType = sourcecode.swift; path = StandardErrorLogRecorder.swift; sourceTree = "<group>"; };
		CEB7F0482AAC61D4001C99EA /* ParsableLogFormatter.swift */ = {isa = PBXFileReference; fileEncoding = 4; lastKnownFileType = sourcecode.swift; path = ParsableLogFormatter.swift; sourceTree = "<group>"; };
		CEB7F0492AAC61D4001C99EA /* DelimiterLogFormatter.swift */ = {isa = PBXFileReference; fileEncoding = 4; lastKnownFileType = sourcecode.swift; path = DelimiterLogFormatter.swift; sourceTree = "<group>"; };
		CEB7F04A2AAC61D4001C99EA /* CallSiteLogFormatter.swift */ = {isa = PBXFileReference; fileEncoding = 4; lastKnownFileType = sourcecode.swift; path = CallSiteLogFormatter.swift; sourceTree = "<group>"; };
		CEB7F04B2AAC61D4001C99EA /* XcodeTraceLogFormatter.swift */ = {isa = PBXFileReference; fileEncoding = 4; lastKnownFileType = sourcecode.swift; path = XcodeTraceLogFormatter.swift; sourceTree = "<group>"; };
		CEB7F04C2AAC61D4001C99EA /* FileLogRecorder.swift */ = {isa = PBXFileReference; fileEncoding = 4; lastKnownFileType = sourcecode.swift; path = FileLogRecorder.swift; sourceTree = "<group>"; };
		CEB7F04D2AAC61D4001C99EA /* SeverityLogFormatter.swift */ = {isa = PBXFileReference; fileEncoding = 4; lastKnownFileType = sourcecode.swift; path = SeverityLogFormatter.swift; sourceTree = "<group>"; };
		CEB7F04E2AAC61D4001C99EA /* OSLogTypeTranslator.swift */ = {isa = PBXFileReference; fileEncoding = 4; lastKnownFileType = sourcecode.swift; path = OSLogTypeTranslator.swift; sourceTree = "<group>"; };
		CEB7F04F2AAC61D4001C99EA /* OSLogRecorder.swift */ = {isa = PBXFileReference; fileEncoding = 4; lastKnownFileType = sourcecode.swift; path = OSLogRecorder.swift; sourceTree = "<group>"; };
		CEB7F0502AAC61D4001C99EA /* README.md */ = {isa = PBXFileReference; fileEncoding = 4; lastKnownFileType = net.daringfireball.markdown; path = README.md; sourceTree = "<group>"; };
		CEB7F0512AAC61D4001C99EA /* LogFormatter.swift */ = {isa = PBXFileReference; fileEncoding = 4; lastKnownFileType = sourcecode.swift; path = LogFormatter.swift; sourceTree = "<group>"; };
		CEB7F0522AAC61D4001C99EA /* README-CleanroomLogger.md */ = {isa = PBXFileReference; fileEncoding = 4; lastKnownFileType = net.daringfireball.markdown; path = "README-CleanroomLogger.md"; sourceTree = "<group>"; };
		CEB7F0532AAC61D4001C99EA /* ConcatenatingLogFormatter.swift */ = {isa = PBXFileReference; fileEncoding = 4; lastKnownFileType = sourcecode.swift; path = ConcatenatingLogFormatter.swift; sourceTree = "<group>"; };
		CEB7F0542AAC61D4001C99EA /* LogChannel.swift */ = {isa = PBXFileReference; fileEncoding = 4; lastKnownFileType = sourcecode.swift; path = LogChannel.swift; sourceTree = "<group>"; };
		CEB7F0552AAC61D4001C99EA /* CallingThreadLogFormatter.swift */ = {isa = PBXFileReference; fileEncoding = 4; lastKnownFileType = sourcecode.swift; path = CallingThreadLogFormatter.swift; sourceTree = "<group>"; };
		CEB7F0562AAC61D4001C99EA /* StandardLogFormatter.swift */ = {isa = PBXFileReference; fileEncoding = 4; lastKnownFileType = sourcecode.swift; path = StandardLogFormatter.swift; sourceTree = "<group>"; };
		CEB7F0572AAC61D4001C99EA /* ProcessNameLogFormatter.swift */ = {isa = PBXFileReference; fileEncoding = 4; lastKnownFileType = sourcecode.swift; path = ProcessNameLogFormatter.swift; sourceTree = "<group>"; };
		CEB7F0582AAC61D4001C99EA /* BasicLogConfiguration.swift */ = {isa = PBXFileReference; fileEncoding = 4; lastKnownFileType = sourcecode.swift; path = BasicLogConfiguration.swift; sourceTree = "<group>"; };
		CEB7F0592AAC61D4001C99EA /* XcodeLogFormatter.swift */ = {isa = PBXFileReference; fileEncoding = 4; lastKnownFileType = sourcecode.swift; path = XcodeLogFormatter.swift; sourceTree = "<group>"; };
		CEB7F05A2AAC61D4001C99EA /* LogFilter.swift */ = {isa = PBXFileReference; fileEncoding = 4; lastKnownFileType = sourcecode.swift; path = LogFilter.swift; sourceTree = "<group>"; };
		CEB7F05B2AAC61D4001C99EA /* OutputStreamLogRecorder.swift */ = {isa = PBXFileReference; fileEncoding = 4; lastKnownFileType = sourcecode.swift; path = OutputStreamLogRecorder.swift; sourceTree = "<group>"; };
		CEB7F05C2AAC61D4001C99EA /* PayloadLogFormatter.swift */ = {isa = PBXFileReference; fileEncoding = 4; lastKnownFileType = sourcecode.swift; path = PayloadLogFormatter.swift; sourceTree = "<group>"; };
		CEB7F05D2AAC61D4001C99EA /* BufferedLogRecorder.swift */ = {isa = PBXFileReference; fileEncoding = 4; lastKnownFileType = sourcecode.swift; path = BufferedLogRecorder.swift; sourceTree = "<group>"; };
		CEB7F05E2AAC61D4001C99EA /* ProcessIDLogFormatter.swift */ = {isa = PBXFileReference; fileEncoding = 4; lastKnownFileType = sourcecode.swift; path = ProcessIDLogFormatter.swift; sourceTree = "<group>"; };
		CEB7F05F2AAC61D4001C99EA /* LiteralLogFormatter.swift */ = {isa = PBXFileReference; fileEncoding = 4; lastKnownFileType = sourcecode.swift; path = LiteralLogFormatter.swift; sourceTree = "<group>"; };
		CEB7F0602AAC61D4001C99EA /* LogRecorderBase.swift */ = {isa = PBXFileReference; fileEncoding = 4; lastKnownFileType = sourcecode.swift; path = LogRecorderBase.swift; sourceTree = "<group>"; };
		CEB7F0612AAC61D4001C99EA /* PayloadMessageLogFormatter.swift */ = {isa = PBXFileReference; fileEncoding = 4; lastKnownFileType = sourcecode.swift; path = PayloadMessageLogFormatter.swift; sourceTree = "<group>"; };
		CEB7F0622AAC61D4001C99EA /* RotatingLogFileRecorder.swift */ = {isa = PBXFileReference; fileEncoding = 4; lastKnownFileType = sourcecode.swift; path = RotatingLogFileRecorder.swift; sourceTree = "<group>"; };
		CEB7F0632AAC61D4001C99EA /* RotatingLogFileConfiguration.swift */ = {isa = PBXFileReference; fileEncoding = 4; lastKnownFileType = sourcecode.swift; path = RotatingLogFileConfiguration.swift; sourceTree = "<group>"; };
		CEB7F0642AAC61D4001C99EA /* LogConfiguration.swift */ = {isa = PBXFileReference; fileEncoding = 4; lastKnownFileType = sourcecode.swift; path = LogConfiguration.swift; sourceTree = "<group>"; };
		CEB7F0652AAC61D4001C99EA /* LogReceptacle.swift */ = {isa = PBXFileReference; fileEncoding = 4; lastKnownFileType = sourcecode.swift; path = LogReceptacle.swift; sourceTree = "<group>"; };
		CEB7F0662AAC61D4001C99EA /* LogEntry.swift */ = {isa = PBXFileReference; fileEncoding = 4; lastKnownFileType = sourcecode.swift; path = LogEntry.swift; sourceTree = "<group>"; };
		CEB7F0672AAC61D4001C99EA /* StackFrameLogFormatter.swift */ = {isa = PBXFileReference; fileEncoding = 4; lastKnownFileType = sourcecode.swift; path = StackFrameLogFormatter.swift; sourceTree = "<group>"; };
		CEB7F0962AAC61FD001C99EA /* ErrorCode.swift */ = {isa = PBXFileReference; lastKnownFileType = sourcecode.swift; path = ErrorCode.swift; sourceTree = "<group>"; };
		CEB7F09A2AAC6289001C99EA /* BootLoader.swift */ = {isa = PBXFileReference; lastKnownFileType = sourcecode.swift; path = BootLoader.swift; sourceTree = "<group>"; };
		CEB7F09C2AAC62C1001C99EA /* LoggerBootModule.swift */ = {isa = PBXFileReference; lastKnownFileType = sourcecode.swift; path = LoggerBootModule.swift; sourceTree = "<group>"; };
		CEB7F09E2AAC6336001C99EA /* EODLogRecorder.swift */ = {isa = PBXFileReference; lastKnownFileType = sourcecode.swift; path = EODLogRecorder.swift; sourceTree = "<group>"; };
		CEB7F0A12AAC6424001C99EA /* Alamofire+Extension.swift */ = {isa = PBXFileReference; lastKnownFileType = sourcecode.swift; path = "Alamofire+Extension.swift"; sourceTree = "<group>"; };
		CEB7F0A32AAC661D001C99EA /* RegexParser.swift */ = {isa = PBXFileReference; lastKnownFileType = sourcecode.swift; path = RegexParser.swift; sourceTree = "<group>"; };
		CEC6D7DD2C7C512400FFEC9F /* SwifterSwift+String.swift */ = {isa = PBXFileReference; lastKnownFileType = sourcecode.swift; path = "SwifterSwift+String.swift"; sourceTree = "<group>"; };
		CEC6D7DF2C7C513F00FFEC9F /* SwifterSwift+Date.swift */ = {isa = PBXFileReference; lastKnownFileType = sourcecode.swift; path = "SwifterSwift+Date.swift"; sourceTree = "<group>"; };
		CEC6D7E12C7C519D00FFEC9F /* SwifterSwift+Double.swift */ = {isa = PBXFileReference; lastKnownFileType = sourcecode.swift; path = "SwifterSwift+Double.swift"; sourceTree = "<group>"; };
		CEC6D7E32C7C51BE00FFEC9F /* SwifterSwift+Etc.swift */ = {isa = PBXFileReference; lastKnownFileType = sourcecode.swift; path = "SwifterSwift+Etc.swift"; sourceTree = "<group>"; };
		CEC6D7E52C7D5A9100FFEC9F /* DiarySummaryModel.swift */ = {isa = PBXFileReference; lastKnownFileType = sourcecode.swift; path = DiarySummaryModel.swift; sourceTree = "<group>"; };
		CECCDAC32C40EADF0000DE72 /* LoadingView.swift */ = {isa = PBXFileReference; lastKnownFileType = sourcecode.swift; path = LoadingView.swift; sourceTree = "<group>"; };
		CEE905FF2CAEB2D900C69077 /* Date+Extension.swift */ = {isa = PBXFileReference; lastKnownFileType = sourcecode.swift; path = "Date+Extension.swift"; sourceTree = "<group>"; };
		CEE906012CAEB35B00C69077 /* Int+Extension.swift */ = {isa = PBXFileReference; lastKnownFileType = sourcecode.swift; path = "Int+Extension.swift"; sourceTree = "<group>"; };
		CEF7E4082AAC6F5100E133F6 /* Splash.storyboard */ = {isa = PBXFileReference; lastKnownFileType = file.storyboard; path = Splash.storyboard; sourceTree = "<group>"; };
/* End PBXFileReference section */

/* Begin PBXFrameworksBuildPhase section */
		CEB7EFF22AAC5025001C99EA /* Frameworks */ = {
			isa = PBXFrameworksBuildPhase;
			buildActionMask = 2147483647;
			files = (
				CEA9D9F52CCE61AD00AA1DC2 /* Kingfisher in Frameworks */,
				CEB7F02D2AAC5371001C99EA /* Alamofire in Frameworks */,
				CECCDAC72C40EE7F0000DE72 /* Lottie in Frameworks */,
			);
			runOnlyForDeploymentPostprocessing = 0;
		};
		CEB7F0022AAC5026001C99EA /* Frameworks */ = {
			isa = PBXFrameworksBuildPhase;
			buildActionMask = 2147483647;
			files = (
			);
			runOnlyForDeploymentPostprocessing = 0;
		};
		CEB7F00C2AAC5027001C99EA /* Frameworks */ = {
			isa = PBXFrameworksBuildPhase;
			buildActionMask = 2147483647;
			files = (
			);
			runOnlyForDeploymentPostprocessing = 0;
		};
/* End PBXFrameworksBuildPhase section */

/* Begin PBXGroup section */
		CE06C3882CC5D2BB0075A9C0 /* ShowRoom */ = {
			isa = PBXGroup;
			children = (
				CE06C3952CC5DA480075A9C0 /* ShowRoomNetworkModel.swift */,
				CE06C3932CC5DA3A0075A9C0 /* HouseViewModel.swift */,
				CE06C3912CC5DA320075A9C0 /* CharacterViewModel.swift */,
				CE06C38D2CC5D3510075A9C0 /* CharacterView.swift */,
				CE06C38F2CC5D35B0075A9C0 /* HouseView.swift */,
				CEAAF80D2CD865A200EFBDA9 /* HousePreviewView.swift */,
			);
			path = ShowRoom;
			sourceTree = "<group>";
		};
		CE13E45C2ABE952200C64EA1 /* Main */ = {
			isa = PBXGroup;
			children = (
				CE13E45D2ABE952D00C64EA1 /* MainView.swift */,
				CE13E45F2ABE962A00C64EA1 /* MainViewModel.swift */,
				CE77A9B12ACAD42D00D9C58B /* IntroView.swift */,
				CEA422F72BE5022F00725E6B /* MainTabView.swift */,
				CE95A6642C6302D000BF33F7 /* SplashView.swift */,
			);
			path = Main;
			sourceTree = "<group>";
		};
		CE4318122BEBBF3800880898 /* Resource */ = {
			isa = PBXGroup;
			children = (
				CE8AD1992C46193400B3D9F9 /* json */,
				CEB7EFFC2AAC5026001C99EA /* Assets.xcassets */,
				CE4318132BEBBF5500880898 /* omyu pretty.ttf */,
			);
			path = Resource;
			sourceTree = "<group>";
		};
		CE6466B32C0F048B00E03B5A /* Model */ = {
			isa = PBXGroup;
			children = (
				CEAAF8002CD7745E00EFBDA9 /* Enum */,
				CEAAF7FE2CD76F0D00EFBDA9 /* ThemeItem.swift */,
				CEA9D9F62CCE697900AA1DC2 /* CharacterItem.swift */,
				CE6466BC2C167FBA00E03B5A /* Diary.swift */,
				CEC6D7E52C7D5A9100FFEC9F /* DiarySummaryModel.swift */,
			);
			path = Model;
			sourceTree = "<group>";
		};
		CE648B852C05FD6100EBC335 /* Diary */ = {
			isa = PBXGroup;
			children = (
				CE648B862C05FD7500EBC335 /* EmotionSelectView.swift */,
				CE6466B82C12B86300E03B5A /* DiaryView.swift */,
			);
			path = Diary;
			sourceTree = "<group>";
		};
		CE77A9A12ACA8C8400D9C58B /* Common */ = {
			isa = PBXGroup;
			children = (
				CE77A9B92ACD262E00D9C58B /* UI */,
				CE77A9A72ACA94F900D9C58B /* Token */,
				CE77A9A22ACA8C9200D9C58B /* Login */,
			);
			path = Common;
			sourceTree = "<group>";
		};
		CE77A9A22ACA8C9200D9C58B /* Login */ = {
			isa = PBXGroup;
			children = (
				CE77A9A32ACA8C9A00D9C58B /* LoginManager.swift */,
			);
			path = Login;
			sourceTree = "<group>";
		};
		CE77A9A72ACA94F900D9C58B /* Token */ = {
			isa = PBXGroup;
			children = (
				CE77A9A82ACA950500D9C58B /* TokenManager.swift */,
			);
			path = Token;
			sourceTree = "<group>";
		};
		CE77A9AA2ACA99C800D9C58B /* User */ = {
			isa = PBXGroup;
			children = (
				CE77A9AD2ACA99E700D9C58B /* LoginView.swift */,
				CE77A9AF2ACA99F200D9C58B /* SignUpView.swift */,
				CE8AD1A22C5395A700B3D9F9 /* UserNetworkModel.swift */,
				CE8AD1A42C54D05000B3D9F9 /* MyPageView.swift */,
			);
			path = User;
			sourceTree = "<group>";
		};
		CE77A9B32ACAD4F600D9C58B /* View */ = {
			isa = PBXGroup;
			children = (
				CE06C3882CC5D2BB0075A9C0 /* ShowRoom */,
				CE648B852C05FD6100EBC335 /* Diary */,
				CEA422FC2BE50B1E00725E6B /* Calendar */,
				CE77A9AA2ACA99C800D9C58B /* User */,
				CE77A9B42ACAD50200D9C58B /* Home */,
				CE13E45C2ABE952200C64EA1 /* Main */,
			);
			path = View;
			sourceTree = "<group>";
		};
		CE77A9B42ACAD50200D9C58B /* Home */ = {
			isa = PBXGroup;
			children = (
				CEA64F702CE6D19D00FD5627 /* HomeNetworkModel.swift */,
				CE06C3972CC5E9C70075A9C0 /* HomeViewModel.swift */,
				CE77A9B52ACAD50D00D9C58B /* HomeView.swift */,
			);
			path = Home;
			sourceTree = "<group>";
		};
		CE77A9B92ACD262E00D9C58B /* UI */ = {
			isa = PBXGroup;
			children = (
				CEA422F22BE4FCA300725E6B /* ColorSet */,
				CE77A9BC2ACD269B00D9C58B /* NavigationBarView.swift */,
				CE77A9BE2ACD31F700D9C58B /* PageControlView.swift */,
				CE77A9C22AD29F3600D9C58B /* ToastView.swift */,
				CE43181B2BECD2DC00880898 /* CornerRadius.swift */,
				CE6466B62C12B77500E03B5A /* LazyView.swift */,
				CECCDAC32C40EADF0000DE72 /* LoadingView.swift */,
				CE8AD1972C45F1A800B3D9F9 /* Alert.swift */,
			);
			path = UI;
			sourceTree = "<group>";
		};
		CE8AD1992C46193400B3D9F9 /* json */ = {
			isa = PBXGroup;
			children = (
				CE8AD19B2C46195D00B3D9F9 /* game-loading.json */,
				CE8AD19A2C46195D00B3D9F9 /* short-loading.json */,
				CE8AD19C2C46195D00B3D9F9 /* splash.json */,
			);
			path = json;
			sourceTree = "<group>";
		};
		CEA422F22BE4FCA300725E6B /* ColorSet */ = {
			isa = PBXGroup;
			children = (
				CEA422F32BE4FCC600725E6B /* ColorSet.xcassets */,
				CEA422F52BE4FF4900725E6B /* ColorSet.swift */,
			);
			path = ColorSet;
			sourceTree = "<group>";
		};
		CEA422FC2BE50B1E00725E6B /* Calendar */ = {
			isa = PBXGroup;
			children = (
				CEA422FD2BE50B3900725E6B /* CalendarView.swift */,
				CEA422FF2BE50B4B00725E6B /* CalendarCellView.swift */,
				CEA423012BE50D4800725E6B /* CalendarViewModel.swift */,
				CE4318192BECC82500880898 /* MonthSelectModalView.swift */,
				CE979DCE2C797DCA00D0ED53 /* CalendarNetworkModel.swift */,
			);
			path = Calendar;
			sourceTree = "<group>";
		};
		CEAAF8002CD7745E00EFBDA9 /* Enum */ = {
			isa = PBXGroup;
			children = (
				CEAAF8012CD7746800EFBDA9 /* RoomThemeEnums.swift */,
				CE6466B42C0F04B200E03B5A /* DiaryEnums.swift */,
			);
			path = Enum;
			sourceTree = "<group>";
		};
		CEB7EFEC2AAC5025001C99EA = {
			isa = PBXGroup;
			children = (
				CEB7EFF72AAC5025001C99EA /* EOD */,
				CEB7F0082AAC5026001C99EA /* EODTests */,
				CEB7F0122AAC5027001C99EA /* EODUITests */,
				CEB7EFF62AAC5025001C99EA /* Products */,
			);
			sourceTree = "<group>";
		};
		CEB7EFF62AAC5025001C99EA /* Products */ = {
			isa = PBXGroup;
			children = (
				CEB7EFF52AAC5025001C99EA /* EOD.app */,
				CEB7F0052AAC5026001C99EA /* EODTests.xctest */,
				CEB7F00F2AAC5027001C99EA /* EODUITests.xctest */,
			);
			name = Products;
			sourceTree = "<group>";
		};
		CEB7EFF72AAC5025001C99EA /* EOD */ = {
			isa = PBXGroup;
			children = (
				CE4318152BEBBFAD00880898 /* Info.plist */,
				CE4318122BEBBF3800880898 /* Resource */,
				CE77A9B32ACAD4F600D9C58B /* View */,
				CE6466B32C0F048B00E03B5A /* Model */,
				CE77A9A12ACA8C8400D9C58B /* Common */,
				CEF7E40A2AAC6F6900E133F6 /* Splash */,
				CEB7F0982AAC6272001C99EA /* Module */,
				CEB7F0382AAC6198001C99EA /* Logger */,
				CEB7F02E2AAC5585001C99EA /* Utility */,
				CEB7F0242AAC5122001C99EA /* Networking */,
				CEB7EFF82AAC5025001C99EA /* EODApp.swift */,
				CEB7EFFE2AAC5026001C99EA /* Preview Content */,
			);
			path = EOD;
			sourceTree = "<group>";
		};
		CEB7EFFE2AAC5026001C99EA /* Preview Content */ = {
			isa = PBXGroup;
			children = (
				CEB7EFFF2AAC5026001C99EA /* Preview Assets.xcassets */,
			);
			path = "Preview Content";
			sourceTree = "<group>";
		};
		CEB7F0082AAC5026001C99EA /* EODTests */ = {
			isa = PBXGroup;
			children = (
				CEB7F0092AAC5026001C99EA /* EODTests.swift */,
			);
			path = EODTests;
			sourceTree = "<group>";
		};
		CEB7F0122AAC5027001C99EA /* EODUITests */ = {
			isa = PBXGroup;
			children = (
				CEB7F0132AAC5027001C99EA /* EODUITests.swift */,
				CEB7F0152AAC5027001C99EA /* EODUITestsLaunchTests.swift */,
			);
			path = EODUITests;
			sourceTree = "<group>";
		};
		CEB7F0242AAC5122001C99EA /* Networking */ = {
			isa = PBXGroup;
			children = (
				CEAAF8052CD7909C00EFBDA9 /* RequestRetryHandler.swift */,
				CEAAF8032CD78C6600EFBDA9 /* ListNetworkModel.swift */,
				CEB7F0252AAC5122001C99EA /* CommonError.swift */,
				CEB7F0262AAC5122001C99EA /* URLBuilder.swift */,
				CEB7F0272AAC5122001C99EA /* APIRequest.swift */,
			);
			path = Networking;
			sourceTree = "<group>";
		};
		CEB7F02E2AAC5585001C99EA /* Utility */ = {
			isa = PBXGroup;
			children = (
				CEAAF8092CD792FD00EFBDA9 /* OptionalObject.swift */,
				CEC6D7DC2C7C511300FFEC9F /* SwifterSwift */,
				CEB7F0A02AAC6418001C99EA /* Extension */,
				CEB7F0A32AAC661D001C99EA /* RegexParser.swift */,
			);
			path = Utility;
			sourceTree = "<group>";
		};
		CEB7F0382AAC6198001C99EA /* Logger */ = {
			isa = PBXGroup;
			children = (
				CEB7F0392AAC61D4001C99EA /* CleanroomLogger */,
				CEB7F0362AAC6194001C99EA /* Logger.swift */,
				CEB7F0962AAC61FD001C99EA /* ErrorCode.swift */,
				CEB7F09E2AAC6336001C99EA /* EODLogRecorder.swift */,
			);
			path = Logger;
			sourceTree = "<group>";
		};
		CEB7F0392AAC61D4001C99EA /* CleanroomLogger */ = {
			isa = PBXGroup;
			children = (
				CEB7F03A2AAC61D4001C99EA /* StandardOutputLogRecorder.swift */,
				CEB7F03B2AAC61D4001C99EA /* FieldBasedLogFormatter.swift */,
				CEB7F03C2AAC61D4001C99EA /* LogSeverity.swift */,
				CEB7F03D2AAC61D4001C99EA /* PayloadValueLogFormatter.swift */,
				CEB7F03E2AAC61D4001C99EA /* StandardStreamsLogRecorder.swift */,
				CEB7F03F2AAC61D4001C99EA /* TimestampLogFormatter.swift */,
				CEB7F0402AAC61D4001C99EA /* XcodeLogConfiguration.swift */,
				CEB7F0412AAC61D4001C99EA /* ConsoleLogConfiguration.swift */,
				CEB7F0422AAC61D4001C99EA /* Log.swift */,
				CEB7F0432AAC61D4001C99EA /* PayloadTraceLogFormatter.swift */,
				CEB7F0442AAC61D4001C99EA /* OSLogMimicFormatter.swift */,
				CEB7F0452AAC61D4001C99EA /* LogRecorder.swift */,
				CEB7F0462AAC61D4001C99EA /* ReadableLogFormatter.swift */,
				CEB7F0472AAC61D4001C99EA /* StandardErrorLogRecorder.swift */,
				CEB7F0482AAC61D4001C99EA /* ParsableLogFormatter.swift */,
				CEB7F0492AAC61D4001C99EA /* DelimiterLogFormatter.swift */,
				CEB7F04A2AAC61D4001C99EA /* CallSiteLogFormatter.swift */,
				CEB7F04B2AAC61D4001C99EA /* XcodeTraceLogFormatter.swift */,
				CEB7F04C2AAC61D4001C99EA /* FileLogRecorder.swift */,
				CEB7F04D2AAC61D4001C99EA /* SeverityLogFormatter.swift */,
				CEB7F04E2AAC61D4001C99EA /* OSLogTypeTranslator.swift */,
				CEB7F04F2AAC61D4001C99EA /* OSLogRecorder.swift */,
				CEB7F0502AAC61D4001C99EA /* README.md */,
				CEB7F0512AAC61D4001C99EA /* LogFormatter.swift */,
				CEB7F0522AAC61D4001C99EA /* README-CleanroomLogger.md */,
				CEB7F0532AAC61D4001C99EA /* ConcatenatingLogFormatter.swift */,
				CEB7F0542AAC61D4001C99EA /* LogChannel.swift */,
				CEB7F0552AAC61D4001C99EA /* CallingThreadLogFormatter.swift */,
				CEB7F0562AAC61D4001C99EA /* StandardLogFormatter.swift */,
				CEB7F0572AAC61D4001C99EA /* ProcessNameLogFormatter.swift */,
				CEB7F0582AAC61D4001C99EA /* BasicLogConfiguration.swift */,
				CEB7F0592AAC61D4001C99EA /* XcodeLogFormatter.swift */,
				CEB7F05A2AAC61D4001C99EA /* LogFilter.swift */,
				CEB7F05B2AAC61D4001C99EA /* OutputStreamLogRecorder.swift */,
				CEB7F05C2AAC61D4001C99EA /* PayloadLogFormatter.swift */,
				CEB7F05D2AAC61D4001C99EA /* BufferedLogRecorder.swift */,
				CEB7F05E2AAC61D4001C99EA /* ProcessIDLogFormatter.swift */,
				CEB7F05F2AAC61D4001C99EA /* LiteralLogFormatter.swift */,
				CEB7F0602AAC61D4001C99EA /* LogRecorderBase.swift */,
				CEB7F0612AAC61D4001C99EA /* PayloadMessageLogFormatter.swift */,
				CEB7F0622AAC61D4001C99EA /* RotatingLogFileRecorder.swift */,
				CEB7F0632AAC61D4001C99EA /* RotatingLogFileConfiguration.swift */,
				CEB7F0642AAC61D4001C99EA /* LogConfiguration.swift */,
				CEB7F0652AAC61D4001C99EA /* LogReceptacle.swift */,
				CEB7F0662AAC61D4001C99EA /* LogEntry.swift */,
				CEB7F0672AAC61D4001C99EA /* StackFrameLogFormatter.swift */,
			);
			path = CleanroomLogger;
			sourceTree = "<group>";
		};
		CEB7F0982AAC6272001C99EA /* Module */ = {
			isa = PBXGroup;
			children = (
				CEB7F0992AAC6278001C99EA /* Boot */,
			);
			path = Module;
			sourceTree = "<group>";
		};
		CEB7F0992AAC6278001C99EA /* Boot */ = {
			isa = PBXGroup;
			children = (
				CEB7F09A2AAC6289001C99EA /* BootLoader.swift */,
				CEB7F09C2AAC62C1001C99EA /* LoggerBootModule.swift */,
				CE77A9A52ACA929D00D9C58B /* LoginBootModule.swift */,
			);
			path = Boot;
			sourceTree = "<group>";
		};
		CEB7F0A02AAC6418001C99EA /* Extension */ = {
			isa = PBXGroup;
			children = (
				CEAAF8072CD792DF00EFBDA9 /* KeyedDecodingContainer+Extension.swift */,
				CEE906012CAEB35B00C69077 /* Int+Extension.swift */,
				CEE905FF2CAEB2D900C69077 /* Date+Extension.swift */,
				CEB7F02F2AAC5594001C99EA /* Result+Extension.swift */,
				CEB7F0312AAC5FBB001C99EA /* String+Extension.swift */,
				CEB7F0A12AAC6424001C99EA /* Alamofire+Extension.swift */,
				CE77A99D2AC953AE00D9C58B /* UIApplication+Extension.swift */,
				CE77A99F2AC954AE00D9C58B /* UIViewController+Extension.swift */,
				CE77A9C02AD29F1800D9C58B /* View+Extension.swift */,
				CE4318162BEBC2CC00880898 /* Text+Extension.swift */,
			);
			path = Extension;
			sourceTree = "<group>";
		};
		CEC6D7DC2C7C511300FFEC9F /* SwifterSwift */ = {
			isa = PBXGroup;
			children = (
				CEC6D7DD2C7C512400FFEC9F /* SwifterSwift+String.swift */,
				CEC6D7DF2C7C513F00FFEC9F /* SwifterSwift+Date.swift */,
				CEC6D7E12C7C519D00FFEC9F /* SwifterSwift+Double.swift */,
				CEC6D7E32C7C51BE00FFEC9F /* SwifterSwift+Etc.swift */,
			);
			path = SwifterSwift;
			sourceTree = "<group>";
		};
		CEF7E40A2AAC6F6900E133F6 /* Splash */ = {
			isa = PBXGroup;
			children = (
				CEF7E4082AAC6F5100E133F6 /* Splash.storyboard */,
			);
			path = Splash;
			sourceTree = "<group>";
		};
/* End PBXGroup section */

/* Begin PBXNativeTarget section */
		CEB7EFF42AAC5025001C99EA /* EOD */ = {
			isa = PBXNativeTarget;
			buildConfigurationList = CEB7F0192AAC5027001C99EA /* Build configuration list for PBXNativeTarget "EOD" */;
			buildPhases = (
				CEB7EFF12AAC5025001C99EA /* Sources */,
				CEB7EFF22AAC5025001C99EA /* Frameworks */,
				CEB7EFF32AAC5025001C99EA /* Resources */,
			);
			buildRules = (
			);
			dependencies = (
			);
			name = EOD;
			packageProductDependencies = (
				CEB7F02C2AAC5371001C99EA /* Alamofire */,
				CECCDAC62C40EE7F0000DE72 /* Lottie */,
				CEA9D9F42CCE61AD00AA1DC2 /* Kingfisher */,
			);
			productName = EOD;
			productReference = CEB7EFF52AAC5025001C99EA /* EOD.app */;
			productType = "com.apple.product-type.application";
		};
		CEB7F0042AAC5026001C99EA /* EODTests */ = {
			isa = PBXNativeTarget;
			buildConfigurationList = CEB7F01C2AAC5027001C99EA /* Build configuration list for PBXNativeTarget "EODTests" */;
			buildPhases = (
				CEB7F0012AAC5026001C99EA /* Sources */,
				CEB7F0022AAC5026001C99EA /* Frameworks */,
				CEB7F0032AAC5026001C99EA /* Resources */,
			);
			buildRules = (
			);
			dependencies = (
				CEB7F0072AAC5026001C99EA /* PBXTargetDependency */,
			);
			name = EODTests;
			productName = EODTests;
			productReference = CEB7F0052AAC5026001C99EA /* EODTests.xctest */;
			productType = "com.apple.product-type.bundle.unit-test";
		};
		CEB7F00E2AAC5027001C99EA /* EODUITests */ = {
			isa = PBXNativeTarget;
			buildConfigurationList = CEB7F01F2AAC5027001C99EA /* Build configuration list for PBXNativeTarget "EODUITests" */;
			buildPhases = (
				CEB7F00B2AAC5027001C99EA /* Sources */,
				CEB7F00C2AAC5027001C99EA /* Frameworks */,
				CEB7F00D2AAC5027001C99EA /* Resources */,
			);
			buildRules = (
			);
			dependencies = (
				CEB7F0112AAC5027001C99EA /* PBXTargetDependency */,
			);
			name = EODUITests;
			productName = EODUITests;
			productReference = CEB7F00F2AAC5027001C99EA /* EODUITests.xctest */;
			productType = "com.apple.product-type.bundle.ui-testing";
		};
/* End PBXNativeTarget section */

/* Begin PBXProject section */
		CEB7EFED2AAC5025001C99EA /* Project object */ = {
			isa = PBXProject;
			attributes = {
				BuildIndependentTargetsInParallel = 1;
				LastSwiftUpdateCheck = 1430;
				LastUpgradeCheck = 1430;
				TargetAttributes = {
					CEB7EFF42AAC5025001C99EA = {
						CreatedOnToolsVersion = 14.3;
					};
					CEB7F0042AAC5026001C99EA = {
						CreatedOnToolsVersion = 14.3;
						TestTargetID = CEB7EFF42AAC5025001C99EA;
					};
					CEB7F00E2AAC5027001C99EA = {
						CreatedOnToolsVersion = 14.3;
						TestTargetID = CEB7EFF42AAC5025001C99EA;
					};
				};
			};
			buildConfigurationList = CEB7EFF02AAC5025001C99EA /* Build configuration list for PBXProject "EOD" */;
			compatibilityVersion = "Xcode 14.0";
			developmentRegion = en;
			hasScannedForEncodings = 0;
			knownRegions = (
				en,
				Base,
			);
			mainGroup = CEB7EFEC2AAC5025001C99EA;
			packageReferences = (
				CEB7F02B2AAC5371001C99EA /* XCRemoteSwiftPackageReference "Alamofire" */,
				CECCDAC52C40EE7F0000DE72 /* XCRemoteSwiftPackageReference "lottie-ios" */,
				CEA9D9F32CCE61AD00AA1DC2 /* XCRemoteSwiftPackageReference "Kingfisher" */,
			);
			productRefGroup = CEB7EFF62AAC5025001C99EA /* Products */;
			projectDirPath = "";
			projectRoot = "";
			targets = (
				CEB7EFF42AAC5025001C99EA /* EOD */,
				CEB7F0042AAC5026001C99EA /* EODTests */,
				CEB7F00E2AAC5027001C99EA /* EODUITests */,
			);
		};
/* End PBXProject section */

/* Begin PBXResourcesBuildPhase section */
		CEB7EFF32AAC5025001C99EA /* Resources */ = {
			isa = PBXResourcesBuildPhase;
			buildActionMask = 2147483647;
			files = (
				CEB7F07E2AAC61D5001C99EA /* README.md in Resources */,
				CEB7F0002AAC5026001C99EA /* Preview Assets.xcassets in Resources */,
				CEA422F42BE4FCC600725E6B /* ColorSet.xcassets in Resources */,
				CE4318142BEBBF5500880898 /* omyu pretty.ttf in Resources */,
				CE8AD19F2C46195D00B3D9F9 /* splash.json in Resources */,
				CEB7EFFD2AAC5026001C99EA /* Assets.xcassets in Resources */,
				CE8AD19D2C46195D00B3D9F9 /* short-loading.json in Resources */,
				CEF7E4092AAC6F5100E133F6 /* Splash.storyboard in Resources */,
				CE8AD19E2C46195D00B3D9F9 /* game-loading.json in Resources */,
				CEB7F0802AAC61D5001C99EA /* README-CleanroomLogger.md in Resources */,
			);
			runOnlyForDeploymentPostprocessing = 0;
		};
		CEB7F0032AAC5026001C99EA /* Resources */ = {
			isa = PBXResourcesBuildPhase;
			buildActionMask = 2147483647;
			files = (
			);
			runOnlyForDeploymentPostprocessing = 0;
		};
		CEB7F00D2AAC5027001C99EA /* Resources */ = {
			isa = PBXResourcesBuildPhase;
			buildActionMask = 2147483647;
			files = (
			);
			runOnlyForDeploymentPostprocessing = 0;
		};
/* End PBXResourcesBuildPhase section */

/* Begin PBXSourcesBuildPhase section */
		CEB7EFF12AAC5025001C99EA /* Sources */ = {
			isa = PBXSourcesBuildPhase;
			buildActionMask = 2147483647;
			files = (
				CEB7F0752AAC61D4001C99EA /* StandardErrorLogRecorder.swift in Sources */,
				CEB7F07C2AAC61D5001C99EA /* OSLogTypeTranslator.swift in Sources */,
				CEB7F06E2AAC61D4001C99EA /* XcodeLogConfiguration.swift in Sources */,
				CEB7F07B2AAC61D5001C99EA /* SeverityLogFormatter.swift in Sources */,
				CEB7F06A2AAC61D4001C99EA /* LogSeverity.swift in Sources */,
				CE648B872C05FD7500EBC335 /* EmotionSelectView.swift in Sources */,
				CEA422FE2BE50B3900725E6B /* CalendarView.swift in Sources */,
				CE43181A2BECC82500880898 /* MonthSelectModalView.swift in Sources */,
				CE77A9B62ACAD50D00D9C58B /* HomeView.swift in Sources */,
				CEB7F0892AAC61D5001C99EA /* OutputStreamLogRecorder.swift in Sources */,
				CEC6D7E62C7D5A9100FFEC9F /* DiarySummaryModel.swift in Sources */,
				CEB7F0782AAC61D5001C99EA /* CallSiteLogFormatter.swift in Sources */,
				CEB7F08A2AAC61D5001C99EA /* PayloadLogFormatter.swift in Sources */,
				CEA64F712CE6D1A200FD5627 /* HomeNetworkModel.swift in Sources */,
				CE77A99E2AC953AE00D9C58B /* UIApplication+Extension.swift in Sources */,
				CEB7F0302AAC5594001C99EA /* Result+Extension.swift in Sources */,
				CE06C38E2CC5D3510075A9C0 /* CharacterView.swift in Sources */,
				CEB7F06B2AAC61D4001C99EA /* PayloadValueLogFormatter.swift in Sources */,
				CEB7F0832AAC61D5001C99EA /* CallingThreadLogFormatter.swift in Sources */,
				CEB7F0732AAC61D4001C99EA /* LogRecorder.swift in Sources */,
				CE95A6652C6302D000BF33F7 /* SplashView.swift in Sources */,
				CE13E45E2ABE952D00C64EA1 /* MainView.swift in Sources */,
				CEA9D9F72CCE698000AA1DC2 /* CharacterItem.swift in Sources */,
				CEB7F0852AAC61D5001C99EA /* ProcessNameLogFormatter.swift in Sources */,
				CE77A9A92ACA950500D9C58B /* TokenManager.swift in Sources */,
				CE979DCF2C797DCA00D0ED53 /* CalendarNetworkModel.swift in Sources */,
				CE77A9B02ACA99F200D9C58B /* SignUpView.swift in Sources */,
				CEB7F0882AAC61D5001C99EA /* LogFilter.swift in Sources */,
				CEAAF8082CD792E000EFBDA9 /* KeyedDecodingContainer+Extension.swift in Sources */,
				CEA423022BE50D4800725E6B /* CalendarViewModel.swift in Sources */,
				CEAAF8042CD78C6B00EFBDA9 /* ListNetworkModel.swift in Sources */,
				CE77A9C32AD29F3600D9C58B /* ToastView.swift in Sources */,
				CEC6D7E22C7C519D00FFEC9F /* SwifterSwift+Double.swift in Sources */,
				CEB7F09B2AAC6289001C99EA /* BootLoader.swift in Sources */,
				CEB7F08F2AAC61D5001C99EA /* PayloadMessageLogFormatter.swift in Sources */,
				CEB7F0A42AAC661D001C99EA /* RegexParser.swift in Sources */,
				CEB7F0742AAC61D4001C99EA /* ReadableLogFormatter.swift in Sources */,
				CE77A9A42ACA8C9A00D9C58B /* LoginManager.swift in Sources */,
				CEC6D7E02C7C513F00FFEC9F /* SwifterSwift+Date.swift in Sources */,
				CEB7F08D2AAC61D5001C99EA /* LiteralLogFormatter.swift in Sources */,
				CEA422F62BE4FF4900725E6B /* ColorSet.swift in Sources */,
				CE77A9AE2ACA99E700D9C58B /* LoginView.swift in Sources */,
				CEB7F0722AAC61D4001C99EA /* OSLogMimicFormatter.swift in Sources */,
				CE8AD1A52C54D05000B3D9F9 /* MyPageView.swift in Sources */,
				CEB7F08C2AAC61D5001C99EA /* ProcessIDLogFormatter.swift in Sources */,
				CE77A9A62ACA929D00D9C58B /* LoginBootModule.swift in Sources */,
				CEB7F0322AAC5FBB001C99EA /* String+Extension.swift in Sources */,
				CEB7F06F2AAC61D4001C99EA /* ConsoleLogConfiguration.swift in Sources */,
				CEB7F06C2AAC61D4001C99EA /* StandardStreamsLogRecorder.swift in Sources */,
				CE06C3942CC5DA3D0075A9C0 /* HouseViewModel.swift in Sources */,
				CE6466B92C12B86300E03B5A /* DiaryView.swift in Sources */,
				CEAAF80E2CD865A200EFBDA9 /* HousePreviewView.swift in Sources */,
				CE6466BD2C167FBA00E03B5A /* Diary.swift in Sources */,
				CEC6D7DE2C7C512400FFEC9F /* SwifterSwift+String.swift in Sources */,
				CEB7F0952AAC61D5001C99EA /* StackFrameLogFormatter.swift in Sources */,
				CE77A9C12AD29F1800D9C58B /* View+Extension.swift in Sources */,
				CEB7F08E2AAC61D5001C99EA /* LogRecorderBase.swift in Sources */,
				CEB7F0812AAC61D5001C99EA /* ConcatenatingLogFormatter.swift in Sources */,
				CEB7F0692AAC61D4001C99EA /* FieldBasedLogFormatter.swift in Sources */,
				CE8AD1982C45F1A800B3D9F9 /* Alert.swift in Sources */,
				CEB7F0702AAC61D4001C99EA /* Log.swift in Sources */,
				CEB7F06D2AAC61D4001C99EA /* TimestampLogFormatter.swift in Sources */,
				CEB7F0922AAC61D5001C99EA /* LogConfiguration.swift in Sources */,
				CEB7F0912AAC61D5001C99EA /* RotatingLogFileConfiguration.swift in Sources */,
				CEA422F82BE5022F00725E6B /* MainTabView.swift in Sources */,
				CEB7F0762AAC61D5001C99EA /* ParsableLogFormatter.swift in Sources */,
				CEE906022CAEB35E00C69077 /* Int+Extension.swift in Sources */,
				CEAAF8062CD7909D00EFBDA9 /* RequestRetryHandler.swift in Sources */,
				CE13E4602ABE962A00C64EA1 /* MainViewModel.swift in Sources */,
				CE6466B72C12B77500E03B5A /* LazyView.swift in Sources */,
				CEB7F0842AAC61D5001C99EA /* StandardLogFormatter.swift in Sources */,
				CE06C3962CC5DA4C0075A9C0 /* ShowRoomNetworkModel.swift in Sources */,
				CEB7F09D2AAC62C1001C99EA /* LoggerBootModule.swift in Sources */,
				CEB7F0902AAC61D5001C99EA /* RotatingLogFileRecorder.swift in Sources */,
				CEB7F0292AAC5122001C99EA /* URLBuilder.swift in Sources */,
				CEB7F0862AAC61D5001C99EA /* BasicLogConfiguration.swift in Sources */,
				CE77A9A02AC954AE00D9C58B /* UIViewController+Extension.swift in Sources */,
				CEB7F0282AAC5122001C99EA /* CommonError.swift in Sources */,
				CEB7F02A2AAC5122001C99EA /* APIRequest.swift in Sources */,
				CEB7F07F2AAC61D5001C99EA /* LogFormatter.swift in Sources */,
				CEB7F0772AAC61D5001C99EA /* DelimiterLogFormatter.swift in Sources */,
				CEB7F0822AAC61D5001C99EA /* LogChannel.swift in Sources */,
				CEC6D7E42C7C51BE00FFEC9F /* SwifterSwift+Etc.swift in Sources */,
				CE77A9BD2ACD269B00D9C58B /* NavigationBarView.swift in Sources */,
				CEB7F0682AAC61D4001C99EA /* StandardOutputLogRecorder.swift in Sources */,
				CE43181C2BECD2DC00880898 /* CornerRadius.swift in Sources */,
				CECCDAC42C40EADF0000DE72 /* LoadingView.swift in Sources */,
				CE06C3922CC5DA370075A9C0 /* CharacterViewModel.swift in Sources */,
				CEB7F07A2AAC61D5001C99EA /* FileLogRecorder.swift in Sources */,
				CEB7F0932AAC61D5001C99EA /* LogReceptacle.swift in Sources */,
				CEA423002BE50B4B00725E6B /* CalendarCellView.swift in Sources */,
				CE4318172BEBC2CC00880898 /* Text+Extension.swift in Sources */,
				CE6466B52C0F04B200E03B5A /* DiaryEnums.swift in Sources */,
				CEB7EFF92AAC5025001C99EA /* EODApp.swift in Sources */,
				CE06C3902CC5D35B0075A9C0 /* HouseView.swift in Sources */,
				CE77A9B22ACAD42D00D9C58B /* IntroView.swift in Sources */,
				CEB7F0712AAC61D4001C99EA /* PayloadTraceLogFormatter.swift in Sources */,
				CEB7F08B2AAC61D5001C99EA /* BufferedLogRecorder.swift in Sources */,
				CEB7F0A22AAC6424001C99EA /* Alamofire+Extension.swift in Sources */,
				CEAAF8022CD7747800EFBDA9 /* RoomThemeEnums.swift in Sources */,
				CEB7F0372AAC6194001C99EA /* Logger.swift in Sources */,
				CEB7F0872AAC61D5001C99EA /* XcodeLogFormatter.swift in Sources */,
				CEB7F0972AAC61FD001C99EA /* ErrorCode.swift in Sources */,
				CE77A9BF2ACD31F700D9C58B /* PageControlView.swift in Sources */,
				CEB7F09F2AAC6336001C99EA /* EODLogRecorder.swift in Sources */,
				CEB7F07D2AAC61D5001C99EA /* OSLogRecorder.swift in Sources */,
				CE06C3982CC5E9CD0075A9C0 /* HomeViewModel.swift in Sources */,
				CEB7F0792AAC61D5001C99EA /* XcodeTraceLogFormatter.swift in Sources */,
				CEE906002CAEB2DE00C69077 /* Date+Extension.swift in Sources */,
				CEAAF80A2CD792FD00EFBDA9 /* OptionalObject.swift in Sources */,
				CEB7F0942AAC61D5001C99EA /* LogEntry.swift in Sources */,
				CEAAF7FF2CD76F1100EFBDA9 /* ThemeItem.swift in Sources */,
				CE8AD1A32C5395A700B3D9F9 /* UserNetworkModel.swift in Sources */,
			);
			runOnlyForDeploymentPostprocessing = 0;
		};
		CEB7F0012AAC5026001C99EA /* Sources */ = {
			isa = PBXSourcesBuildPhase;
			buildActionMask = 2147483647;
			files = (
				CEB7F00A2AAC5026001C99EA /* EODTests.swift in Sources */,
			);
			runOnlyForDeploymentPostprocessing = 0;
		};
		CEB7F00B2AAC5027001C99EA /* Sources */ = {
			isa = PBXSourcesBuildPhase;
			buildActionMask = 2147483647;
			files = (
				CEB7F0142AAC5027001C99EA /* EODUITests.swift in Sources */,
				CEB7F0162AAC5027001C99EA /* EODUITestsLaunchTests.swift in Sources */,
			);
			runOnlyForDeploymentPostprocessing = 0;
		};
/* End PBXSourcesBuildPhase section */

/* Begin PBXTargetDependency section */
		CEB7F0072AAC5026001C99EA /* PBXTargetDependency */ = {
			isa = PBXTargetDependency;
			target = CEB7EFF42AAC5025001C99EA /* EOD */;
			targetProxy = CEB7F0062AAC5026001C99EA /* PBXContainerItemProxy */;
		};
		CEB7F0112AAC5027001C99EA /* PBXTargetDependency */ = {
			isa = PBXTargetDependency;
			target = CEB7EFF42AAC5025001C99EA /* EOD */;
			targetProxy = CEB7F0102AAC5027001C99EA /* PBXContainerItemProxy */;
		};
/* End PBXTargetDependency section */

/* Begin XCBuildConfiguration section */
		CEB7F0172AAC5027001C99EA /* Debug */ = {
			isa = XCBuildConfiguration;
			buildSettings = {
				ALWAYS_SEARCH_USER_PATHS = NO;
				CLANG_ANALYZER_NONNULL = YES;
				CLANG_ANALYZER_NUMBER_OBJECT_CONVERSION = YES_AGGRESSIVE;
				CLANG_CXX_LANGUAGE_STANDARD = "gnu++20";
				CLANG_ENABLE_MODULES = YES;
				CLANG_ENABLE_OBJC_ARC = YES;
				CLANG_ENABLE_OBJC_WEAK = YES;
				CLANG_WARN_BLOCK_CAPTURE_AUTORELEASING = YES;
				CLANG_WARN_BOOL_CONVERSION = YES;
				CLANG_WARN_COMMA = YES;
				CLANG_WARN_CONSTANT_CONVERSION = YES;
				CLANG_WARN_DEPRECATED_OBJC_IMPLEMENTATIONS = YES;
				CLANG_WARN_DIRECT_OBJC_ISA_USAGE = YES_ERROR;
				CLANG_WARN_DOCUMENTATION_COMMENTS = YES;
				CLANG_WARN_EMPTY_BODY = YES;
				CLANG_WARN_ENUM_CONVERSION = YES;
				CLANG_WARN_INFINITE_RECURSION = YES;
				CLANG_WARN_INT_CONVERSION = YES;
				CLANG_WARN_NON_LITERAL_NULL_CONVERSION = YES;
				CLANG_WARN_OBJC_IMPLICIT_RETAIN_SELF = YES;
				CLANG_WARN_OBJC_LITERAL_CONVERSION = YES;
				CLANG_WARN_OBJC_ROOT_CLASS = YES_ERROR;
				CLANG_WARN_QUOTED_INCLUDE_IN_FRAMEWORK_HEADER = YES;
				CLANG_WARN_RANGE_LOOP_ANALYSIS = YES;
				CLANG_WARN_STRICT_PROTOTYPES = YES;
				CLANG_WARN_SUSPICIOUS_MOVE = YES;
				CLANG_WARN_UNGUARDED_AVAILABILITY = YES_AGGRESSIVE;
				CLANG_WARN_UNREACHABLE_CODE = YES;
				CLANG_WARN__DUPLICATE_METHOD_MATCH = YES;
				COPY_PHASE_STRIP = NO;
				DEBUG_INFORMATION_FORMAT = dwarf;
				ENABLE_STRICT_OBJC_MSGSEND = YES;
				ENABLE_TESTABILITY = YES;
				GCC_C_LANGUAGE_STANDARD = gnu11;
				GCC_DYNAMIC_NO_PIC = NO;
				GCC_NO_COMMON_BLOCKS = YES;
				GCC_OPTIMIZATION_LEVEL = 0;
				GCC_PREPROCESSOR_DEFINITIONS = (
					"DEBUG=1",
					"$(inherited)",
				);
				GCC_WARN_64_TO_32_BIT_CONVERSION = YES;
				GCC_WARN_ABOUT_RETURN_TYPE = YES_ERROR;
				GCC_WARN_UNDECLARED_SELECTOR = YES;
				GCC_WARN_UNINITIALIZED_AUTOS = YES_AGGRESSIVE;
				GCC_WARN_UNUSED_FUNCTION = YES;
				GCC_WARN_UNUSED_VARIABLE = YES;
				IPHONEOS_DEPLOYMENT_TARGET = 16.4;
				MTL_ENABLE_DEBUG_INFO = INCLUDE_SOURCE;
				MTL_FAST_MATH = YES;
				ONLY_ACTIVE_ARCH = YES;
				SDKROOT = iphoneos;
				SWIFT_ACTIVE_COMPILATION_CONDITIONS = DEBUG;
				SWIFT_OPTIMIZATION_LEVEL = "-Onone";
			};
			name = Debug;
		};
		CEB7F0182AAC5027001C99EA /* Release */ = {
			isa = XCBuildConfiguration;
			buildSettings = {
				ALWAYS_SEARCH_USER_PATHS = NO;
				CLANG_ANALYZER_NONNULL = YES;
				CLANG_ANALYZER_NUMBER_OBJECT_CONVERSION = YES_AGGRESSIVE;
				CLANG_CXX_LANGUAGE_STANDARD = "gnu++20";
				CLANG_ENABLE_MODULES = YES;
				CLANG_ENABLE_OBJC_ARC = YES;
				CLANG_ENABLE_OBJC_WEAK = YES;
				CLANG_WARN_BLOCK_CAPTURE_AUTORELEASING = YES;
				CLANG_WARN_BOOL_CONVERSION = YES;
				CLANG_WARN_COMMA = YES;
				CLANG_WARN_CONSTANT_CONVERSION = YES;
				CLANG_WARN_DEPRECATED_OBJC_IMPLEMENTATIONS = YES;
				CLANG_WARN_DIRECT_OBJC_ISA_USAGE = YES_ERROR;
				CLANG_WARN_DOCUMENTATION_COMMENTS = YES;
				CLANG_WARN_EMPTY_BODY = YES;
				CLANG_WARN_ENUM_CONVERSION = YES;
				CLANG_WARN_INFINITE_RECURSION = YES;
				CLANG_WARN_INT_CONVERSION = YES;
				CLANG_WARN_NON_LITERAL_NULL_CONVERSION = YES;
				CLANG_WARN_OBJC_IMPLICIT_RETAIN_SELF = YES;
				CLANG_WARN_OBJC_LITERAL_CONVERSION = YES;
				CLANG_WARN_OBJC_ROOT_CLASS = YES_ERROR;
				CLANG_WARN_QUOTED_INCLUDE_IN_FRAMEWORK_HEADER = YES;
				CLANG_WARN_RANGE_LOOP_ANALYSIS = YES;
				CLANG_WARN_STRICT_PROTOTYPES = YES;
				CLANG_WARN_SUSPICIOUS_MOVE = YES;
				CLANG_WARN_UNGUARDED_AVAILABILITY = YES_AGGRESSIVE;
				CLANG_WARN_UNREACHABLE_CODE = YES;
				CLANG_WARN__DUPLICATE_METHOD_MATCH = YES;
				COPY_PHASE_STRIP = NO;
				DEBUG_INFORMATION_FORMAT = "dwarf-with-dsym";
				ENABLE_NS_ASSERTIONS = NO;
				ENABLE_STRICT_OBJC_MSGSEND = YES;
				GCC_C_LANGUAGE_STANDARD = gnu11;
				GCC_NO_COMMON_BLOCKS = YES;
				GCC_WARN_64_TO_32_BIT_CONVERSION = YES;
				GCC_WARN_ABOUT_RETURN_TYPE = YES_ERROR;
				GCC_WARN_UNDECLARED_SELECTOR = YES;
				GCC_WARN_UNINITIALIZED_AUTOS = YES_AGGRESSIVE;
				GCC_WARN_UNUSED_FUNCTION = YES;
				GCC_WARN_UNUSED_VARIABLE = YES;
				IPHONEOS_DEPLOYMENT_TARGET = 16.4;
				MTL_ENABLE_DEBUG_INFO = NO;
				MTL_FAST_MATH = YES;
				SDKROOT = iphoneos;
				SWIFT_COMPILATION_MODE = wholemodule;
				SWIFT_OPTIMIZATION_LEVEL = "-O";
				VALIDATE_PRODUCT = YES;
			};
			name = Release;
		};
		CEB7F01A2AAC5027001C99EA /* Debug */ = {
			isa = XCBuildConfiguration;
			buildSettings = {
				ASSETCATALOG_COMPILER_APPICON_NAME = AppIcon;
				ASSETCATALOG_COMPILER_GLOBAL_ACCENT_COLOR_NAME = AccentColor;
				CODE_SIGN_STYLE = Automatic;
				CURRENT_PROJECT_VERSION = 1;
				DEVELOPMENT_ASSET_PATHS = "\"EOD/Preview Content\"";
				DEVELOPMENT_TEAM = 37V7VV782Q;
				ENABLE_PREVIEWS = YES;
				GENERATE_INFOPLIST_FILE = YES;
				INFOPLIST_FILE = EOD/Info.plist;
				INFOPLIST_KEY_UIApplicationSceneManifest_Generation = YES;
				INFOPLIST_KEY_UIApplicationSupportsIndirectInputEvents = YES;
				INFOPLIST_KEY_UILaunchScreen_Generation = YES;
				INFOPLIST_KEY_UILaunchStoryboardName = Splash.storyboard;
				INFOPLIST_KEY_UISupportedInterfaceOrientations = "UIInterfaceOrientationLandscapeLeft UIInterfaceOrientationLandscapeRight UIInterfaceOrientationPortrait UIInterfaceOrientationPortraitUpsideDown";
				IPHONEOS_DEPLOYMENT_TARGET = 16.0;
				LD_RUNPATH_SEARCH_PATHS = (
					"$(inherited)",
					"@executable_path/Frameworks",
				);
				MARKETING_VERSION = 1.0;
				PRODUCT_BUNDLE_IDENTIFIER = com.eggofdiary.EOD;
				PRODUCT_NAME = "$(TARGET_NAME)";
				SUPPORTED_PLATFORMS = "iphoneos iphonesimulator";
				SUPPORTS_MACCATALYST = NO;
				SWIFT_EMIT_LOC_STRINGS = YES;
				SWIFT_VERSION = 5.0;
				TARGETED_DEVICE_FAMILY = 1;
			};
			name = Debug;
		};
		CEB7F01B2AAC5027001C99EA /* Release */ = {
			isa = XCBuildConfiguration;
			buildSettings = {
				ASSETCATALOG_COMPILER_APPICON_NAME = AppIcon;
				ASSETCATALOG_COMPILER_GLOBAL_ACCENT_COLOR_NAME = AccentColor;
				CODE_SIGN_STYLE = Automatic;
				CURRENT_PROJECT_VERSION = 1;
				DEVELOPMENT_ASSET_PATHS = "\"EOD/Preview Content\"";
				DEVELOPMENT_TEAM = 37V7VV782Q;
				ENABLE_PREVIEWS = YES;
				GENERATE_INFOPLIST_FILE = YES;
				INFOPLIST_FILE = EOD/Info.plist;
				INFOPLIST_KEY_UIApplicationSceneManifest_Generation = YES;
				INFOPLIST_KEY_UIApplicationSupportsIndirectInputEvents = YES;
				INFOPLIST_KEY_UILaunchScreen_Generation = YES;
				INFOPLIST_KEY_UILaunchStoryboardName = Splash.storyboard;
				INFOPLIST_KEY_UISupportedInterfaceOrientations = "UIInterfaceOrientationLandscapeLeft UIInterfaceOrientationLandscapeRight UIInterfaceOrientationPortrait UIInterfaceOrientationPortraitUpsideDown";
				IPHONEOS_DEPLOYMENT_TARGET = 16.0;
				LD_RUNPATH_SEARCH_PATHS = (
					"$(inherited)",
					"@executable_path/Frameworks",
				);
				MARKETING_VERSION = 1.0;
				PRODUCT_BUNDLE_IDENTIFIER = com.eggofdiary.EOD;
				PRODUCT_NAME = "$(TARGET_NAME)";
				SUPPORTED_PLATFORMS = "iphoneos iphonesimulator";
				SUPPORTS_MACCATALYST = NO;
				SWIFT_EMIT_LOC_STRINGS = YES;
				SWIFT_VERSION = 5.0;
				TARGETED_DEVICE_FAMILY = 1;
			};
			name = Release;
		};
		CEB7F01D2AAC5027001C99EA /* Debug */ = {
			isa = XCBuildConfiguration;
			buildSettings = {
				ALWAYS_EMBED_SWIFT_STANDARD_LIBRARIES = YES;
				BUNDLE_LOADER = "$(TEST_HOST)";
				CODE_SIGN_STYLE = Automatic;
				CURRENT_PROJECT_VERSION = 1;
				DEVELOPMENT_TEAM = 37V7VV782Q;
				GENERATE_INFOPLIST_FILE = YES;
				IPHONEOS_DEPLOYMENT_TARGET = 16.4;
				MARKETING_VERSION = 1.0;
				PRODUCT_BUNDLE_IDENTIFIER = com.eggofdiary.EODTests;
				PRODUCT_NAME = "$(TARGET_NAME)";
				SWIFT_EMIT_LOC_STRINGS = NO;
				SWIFT_VERSION = 5.0;
				TARGETED_DEVICE_FAMILY = "1,2";
				TEST_HOST = "$(BUILT_PRODUCTS_DIR)/EOD.app/$(BUNDLE_EXECUTABLE_FOLDER_PATH)/EOD";
			};
			name = Debug;
		};
		CEB7F01E2AAC5027001C99EA /* Release */ = {
			isa = XCBuildConfiguration;
			buildSettings = {
				ALWAYS_EMBED_SWIFT_STANDARD_LIBRARIES = YES;
				BUNDLE_LOADER = "$(TEST_HOST)";
				CODE_SIGN_STYLE = Automatic;
				CURRENT_PROJECT_VERSION = 1;
				DEVELOPMENT_TEAM = 37V7VV782Q;
				GENERATE_INFOPLIST_FILE = YES;
				IPHONEOS_DEPLOYMENT_TARGET = 16.4;
				MARKETING_VERSION = 1.0;
				PRODUCT_BUNDLE_IDENTIFIER = com.eggofdiary.EODTests;
				PRODUCT_NAME = "$(TARGET_NAME)";
				SWIFT_EMIT_LOC_STRINGS = NO;
				SWIFT_VERSION = 5.0;
				TARGETED_DEVICE_FAMILY = "1,2";
				TEST_HOST = "$(BUILT_PRODUCTS_DIR)/EOD.app/$(BUNDLE_EXECUTABLE_FOLDER_PATH)/EOD";
			};
			name = Release;
		};
		CEB7F0202AAC5027001C99EA /* Debug */ = {
			isa = XCBuildConfiguration;
			buildSettings = {
				ALWAYS_EMBED_SWIFT_STANDARD_LIBRARIES = YES;
				CODE_SIGN_STYLE = Automatic;
				CURRENT_PROJECT_VERSION = 1;
				DEVELOPMENT_TEAM = 37V7VV782Q;
				GENERATE_INFOPLIST_FILE = YES;
				MARKETING_VERSION = 1.0;
				PRODUCT_BUNDLE_IDENTIFIER = com.eggofdiary.EODUITests;
				PRODUCT_NAME = "$(TARGET_NAME)";
				SWIFT_EMIT_LOC_STRINGS = NO;
				SWIFT_VERSION = 5.0;
				TARGETED_DEVICE_FAMILY = "1,2";
				TEST_TARGET_NAME = EOD;
			};
			name = Debug;
		};
		CEB7F0212AAC5027001C99EA /* Release */ = {
			isa = XCBuildConfiguration;
			buildSettings = {
				ALWAYS_EMBED_SWIFT_STANDARD_LIBRARIES = YES;
				CODE_SIGN_STYLE = Automatic;
				CURRENT_PROJECT_VERSION = 1;
				DEVELOPMENT_TEAM = 37V7VV782Q;
				GENERATE_INFOPLIST_FILE = YES;
				MARKETING_VERSION = 1.0;
				PRODUCT_BUNDLE_IDENTIFIER = com.eggofdiary.EODUITests;
				PRODUCT_NAME = "$(TARGET_NAME)";
				SWIFT_EMIT_LOC_STRINGS = NO;
				SWIFT_VERSION = 5.0;
				TARGETED_DEVICE_FAMILY = "1,2";
				TEST_TARGET_NAME = EOD;
			};
			name = Release;
		};
/* End XCBuildConfiguration section */

/* Begin XCConfigurationList section */
		CEB7EFF02AAC5025001C99EA /* Build configuration list for PBXProject "EOD" */ = {
			isa = XCConfigurationList;
			buildConfigurations = (
				CEB7F0172AAC5027001C99EA /* Debug */,
				CEB7F0182AAC5027001C99EA /* Release */,
			);
			defaultConfigurationIsVisible = 0;
			defaultConfigurationName = Release;
		};
		CEB7F0192AAC5027001C99EA /* Build configuration list for PBXNativeTarget "EOD" */ = {
			isa = XCConfigurationList;
			buildConfigurations = (
				CEB7F01A2AAC5027001C99EA /* Debug */,
				CEB7F01B2AAC5027001C99EA /* Release */,
			);
			defaultConfigurationIsVisible = 0;
			defaultConfigurationName = Release;
		};
		CEB7F01C2AAC5027001C99EA /* Build configuration list for PBXNativeTarget "EODTests" */ = {
			isa = XCConfigurationList;
			buildConfigurations = (
				CEB7F01D2AAC5027001C99EA /* Debug */,
				CEB7F01E2AAC5027001C99EA /* Release */,
			);
			defaultConfigurationIsVisible = 0;
			defaultConfigurationName = Release;
		};
		CEB7F01F2AAC5027001C99EA /* Build configuration list for PBXNativeTarget "EODUITests" */ = {
			isa = XCConfigurationList;
			buildConfigurations = (
				CEB7F0202AAC5027001C99EA /* Debug */,
				CEB7F0212AAC5027001C99EA /* Release */,
			);
			defaultConfigurationIsVisible = 0;
			defaultConfigurationName = Release;
		};
/* End XCConfigurationList section */

/* Begin XCRemoteSwiftPackageReference section */
		CEA9D9F32CCE61AD00AA1DC2 /* XCRemoteSwiftPackageReference "Kingfisher" */ = {
			isa = XCRemoteSwiftPackageReference;
			repositoryURL = "https://github.com/onevcat/Kingfisher";
			requirement = {
				kind = upToNextMajorVersion;
				minimumVersion = 8.1.0;
			};
		};
		CEB7F02B2AAC5371001C99EA /* XCRemoteSwiftPackageReference "Alamofire" */ = {
			isa = XCRemoteSwiftPackageReference;
			repositoryURL = "https://github.com/Alamofire/Alamofire";
			requirement = {
				branch = master;
				kind = branch;
			};
		};
		CECCDAC52C40EE7F0000DE72 /* XCRemoteSwiftPackageReference "lottie-ios" */ = {
			isa = XCRemoteSwiftPackageReference;
			repositoryURL = "https://github.com/airbnb/lottie-ios";
			requirement = {
				kind = upToNextMajorVersion;
				minimumVersion = 4.5.0;
			};
		};
/* End XCRemoteSwiftPackageReference section */

/* Begin XCSwiftPackageProductDependency section */
		CEA9D9F42CCE61AD00AA1DC2 /* Kingfisher */ = {
			isa = XCSwiftPackageProductDependency;
			package = CEA9D9F32CCE61AD00AA1DC2 /* XCRemoteSwiftPackageReference "Kingfisher" */;
			productName = Kingfisher;
		};
		CEB7F02C2AAC5371001C99EA /* Alamofire */ = {
			isa = XCSwiftPackageProductDependency;
			package = CEB7F02B2AAC5371001C99EA /* XCRemoteSwiftPackageReference "Alamofire" */;
			productName = Alamofire;
		};
		CECCDAC62C40EE7F0000DE72 /* Lottie */ = {
			isa = XCSwiftPackageProductDependency;
			package = CECCDAC52C40EE7F0000DE72 /* XCRemoteSwiftPackageReference "lottie-ios" */;
			productName = Lottie;
		};
/* End XCSwiftPackageProductDependency section */
	};
	rootObject = CEB7EFED2AAC5025001C99EA /* Project object */;
}
